{
  "nodes": {
    "HTTP": {
      "flake": false,
      "locked": {
        "lastModified": 1451647621,
        "narHash": "sha256-oHIyw3x0iKBexEo49YeUDV1k74ZtyYKGR2gNJXXRxts=",
        "owner": "phadej",
        "repo": "HTTP",
        "rev": "9bc0996d412fef1787449d841277ef663ad9a915",
        "type": "github"
      },
      "original": {
        "owner": "phadej",
        "repo": "HTTP",
        "type": "github"
      }
    },
    "base16-shell": {
      "flake": false,
      "locked": {
        "lastModified": 1560619632,
        "narHash": "sha256-OMhC6paqEOQUnxyb33u0kfKpy8plLSRgp8X8T8w0Q/o=",
        "owner": "chriskempson",
        "repo": "base16-shell",
        "rev": "ce8e1e540367ea83cc3e01eec7b2a11783b3f9e1",
        "type": "github"
      },
      "original": {
        "owner": "chriskempson",
        "repo": "base16-shell",
        "type": "github"
      }
    },
    "cabal-32": {
      "flake": false,
      "locked": {
        "lastModified": 1603716527,
        "narHash": "sha256-sDbrmur9Zfp4mPKohCD8IDZfXJ0Tjxpmr2R+kg5PpSY=",
        "owner": "haskell",
        "repo": "cabal",
        "rev": "94aaa8e4720081f9c75497e2735b90f6a819b08e",
        "type": "github"
      },
      "original": {
        "owner": "haskell",
        "ref": "3.2",
        "repo": "cabal",
        "type": "github"
      }
    },
    "cabal-34": {
      "flake": false,
      "locked": {
        "lastModified": 1622475795,
        "narHash": "sha256-chwTL304Cav+7p38d9mcb+egABWmxo2Aq+xgVBgEb/U=",
        "owner": "haskell",
        "repo": "cabal",
        "rev": "b086c1995cdd616fc8d91f46a21e905cc50a1049",
        "type": "github"
      },
      "original": {
        "owner": "haskell",
        "ref": "3.4",
        "repo": "cabal",
        "type": "github"
      }
    },
    "cardano-shell": {
      "flake": false,
      "locked": {
        "lastModified": 1608537748,
        "narHash": "sha256-PulY1GfiMgKVnBci3ex4ptk2UNYMXqGjJOxcPy2KYT4=",
        "owner": "input-output-hk",
        "repo": "cardano-shell",
        "rev": "9392c75087cb9a3d453998f4230930dea3a95725",
        "type": "github"
      },
      "original": {
        "owner": "input-output-hk",
        "repo": "cardano-shell",
        "type": "github"
      }
    },
    "darwin": {
      "inputs": {
        "nixpkgs": [
          "nixpkgs"
        ]
      },
      "locked": {
        "lastModified": 1631730143,
        "narHash": "sha256-A8PaUyZu5WVp+IojG5q+39rjf5x57OFDYmVoDFPZLlY=",
        "owner": "LnL7",
        "repo": "nix-darwin",
        "rev": "e1a3f7292f085fd588d11f94ed0f47968c16df0c",
        "type": "github"
      },
      "original": {
        "owner": "LnL7",
        "ref": "master",
        "repo": "nix-darwin",
        "type": "github"
      }
    },
    "fast-syntax-highlighting": {
      "flake": false,
      "locked": {
        "lastModified": 1621022231,
        "narHash": "sha256-rHdOnA0Y/i/ISDlriGrGDXr5rD2nZ4T7iuG7PFUVIFQ=",
        "owner": "zdharma",
        "repo": "fast-syntax-highlighting",
        "rev": "817916dfa907d179f0d46d8de355e883cf67bd97",
        "type": "github"
      },
      "original": {
        "owner": "zdharma",
        "repo": "fast-syntax-highlighting",
        "type": "github"
      }
    },
    "flake-compat": {
      "flake": false,
      "locked": {
        "lastModified": 1627913399,
        "narHash": "sha256-hY8g6H2KFL8ownSiFeMOjwPC8P0ueXpCVEbxgda3pko=",
        "owner": "edolstra",
        "repo": "flake-compat",
        "rev": "12c64ca55c1014cdc1b16ed5a804aa8576601ff2",
        "type": "github"
      },
      "original": {
        "owner": "edolstra",
        "repo": "flake-compat",
        "type": "github"
      }
    },
    "flake-compat_2": {
      "flake": false,
      "locked": {
        "lastModified": 1627913399,
        "narHash": "sha256-hY8g6H2KFL8ownSiFeMOjwPC8P0ueXpCVEbxgda3pko=",
        "owner": "edolstra",
        "repo": "flake-compat",
        "rev": "12c64ca55c1014cdc1b16ed5a804aa8576601ff2",
        "type": "github"
      },
      "original": {
        "owner": "edolstra",
        "repo": "flake-compat",
        "type": "github"
      }
    },
    "flake-utils": {
      "locked": {
        "lastModified": 1631561581,
        "narHash": "sha256-3VQMV5zvxaVLvqqUrNz3iJelLw30mIVSfZmAaauM3dA=",
        "owner": "numtide",
        "repo": "flake-utils",
        "rev": "7e5bf3925f6fbdfaf50a2a7ca0be2879c4261d19",
        "type": "github"
      },
      "original": {
        "owner": "numtide",
        "repo": "flake-utils",
        "type": "github"
      }
    },
    "flake-utils_2": {
      "locked": {
        "lastModified": 1623875721,
        "narHash": "sha256-A8BU7bjS5GirpAUv4QA+QnJ4CceLHkcXdRp4xITDB0s=",
        "owner": "numtide",
        "repo": "flake-utils",
        "rev": "f7e004a55b120c02ecb6219596820fcd32ca8772",
        "type": "github"
      },
      "original": {
        "owner": "numtide",
        "repo": "flake-utils",
        "type": "github"
      }
    },
    "flake-utils_3": {
      "locked": {
        "lastModified": 1631561581,
        "narHash": "sha256-3VQMV5zvxaVLvqqUrNz3iJelLw30mIVSfZmAaauM3dA=",
        "owner": "numtide",
        "repo": "flake-utils",
        "rev": "7e5bf3925f6fbdfaf50a2a7ca0be2879c4261d19",
        "type": "github"
      },
      "original": {
        "owner": "numtide",
        "repo": "flake-utils",
        "type": "github"
      }
    },
    "ghc-8.6.5-iohk": {
      "flake": false,
      "locked": {
        "lastModified": 1600920045,
        "narHash": "sha256-DO6kxJz248djebZLpSzTGD6s8WRpNI9BTwUeOf5RwY8=",
        "owner": "input-output-hk",
        "repo": "ghc",
        "rev": "95713a6ecce4551240da7c96b6176f980af75cae",
        "type": "github"
      },
      "original": {
        "owner": "input-output-hk",
        "ref": "release/8.6.5-iohk",
        "repo": "ghc",
        "type": "github"
      }
    },
    "hackage": {
      "flake": false,
      "locked": {
        "lastModified": 1633084491,
        "narHash": "sha256-qGePFpzpQZPk4ThoqldZpED3RAuBnqvjWxw8OLV2OwM=",
        "owner": "miuirussia",
        "repo": "hackage.nix",
        "rev": "9a65a87fa15f5e03a17155f3075c4ca13b16e5ef",
        "type": "github"
      },
      "original": {
        "owner": "miuirussia",
        "repo": "hackage.nix",
        "type": "github"
      }
    },
    "haskell-nix": {
      "inputs": {
        "HTTP": "HTTP",
        "cabal-32": "cabal-32",
        "cabal-34": "cabal-34",
        "cardano-shell": "cardano-shell",
        "flake-utils": "flake-utils_2",
        "ghc-8.6.5-iohk": "ghc-8.6.5-iohk",
        "hackage": [
          "hackage"
        ],
        "hpc-coveralls": "hpc-coveralls",
        "nix-tools": "nix-tools",
        "nixpkgs": [
          "nixpkgs"
        ],
        "nixpkgs-2003": "nixpkgs-2003",
        "nixpkgs-2009": "nixpkgs-2009",
        "nixpkgs-2105": "nixpkgs-2105",
        "nixpkgs-unstable": "nixpkgs-unstable",
        "old-ghc-nix": "old-ghc-nix",
        "stackage": [
          "stackage"
        ]
      },
      "locked": {
        "lastModified": 1633051085,
        "narHash": "sha256-vq8xSyjSjJInW3GUcoD0a4/AUSetlr/6c0epeHlVHAo=",
        "owner": "input-output-hk",
        "repo": "haskell.nix",
        "rev": "88f9020ade8190a7a3a8156ba3699df1c717e691",
        "type": "github"
      },
      "original": {
        "owner": "input-output-hk",
        "repo": "haskell.nix",
        "type": "github"
      }
    },
    "hls-nix": {
      "inputs": {
        "flake-compat": "flake-compat_2",
        "flake-utils": "flake-utils_3",
        "hackage": [
          "hackage"
        ],
        "haskell-nix": [
          "haskell-nix"
        ],
        "hls-stable": "hls-stable",
        "hls-unstable": "hls-unstable",
        "nix-project": "nix-project",
        "nixpkgs": [
          "nixpkgs"
        ],
        "stackage": [
          "stackage"
        ]
      },
      "locked": {
        "lastModified": 1633059639,
        "narHash": "sha256-jYIiYRlBwwEtAQGra+XUA4TqGCiWZcMXlIBSo4OyHbE=",
        "owner": "miuirussia",
        "repo": "hls-nix",
        "rev": "131ffb72a6cbec702e1246efc6e90aef4f0c5e12",
        "type": "github"
      },
      "original": {
        "owner": "miuirussia",
        "repo": "hls-nix",
        "type": "github"
      }
    },
    "hls-stable": {
      "flake": false,
      "locked": {
        "lastModified": 1605076560,
        "narHash": "sha256-AYeFitkJOcs2PACc1me9p8j+lJ3rlGsVdS/v16EGV9w=",
        "owner": "haskell",
        "repo": "haskell-language-server",
        "rev": "372a12e797069dc3ac4fa33dcaabe3b992999d7c",
        "type": "github"
      },
      "original": {
        "owner": "haskell",
        "ref": "0.6.0",
        "repo": "haskell-language-server",
        "type": "github"
      }
    },
    "hls-unstable": {
      "flake": false,
      "locked": {
        "lastModified": 1632565432,
        "narHash": "sha256-Q4WpZmrx4QsFvi/0Y5iF8d56Ro3BUfKaYphSEyGNxbY=",
        "owner": "haskell",
        "repo": "haskell-language-server",
        "rev": "682386d1c97ff98463f2cac260a8fe7aab099ebd",
        "type": "github"
      },
      "original": {
        "owner": "haskell",
        "repo": "haskell-language-server",
        "type": "github"
      }
    },
    "home-manager": {
      "inputs": {
        "nixpkgs": [
          "nixpkgs"
        ]
      },
      "locked": {
        "lastModified": 1633060185,
        "narHash": "sha256-VEVXt9g8+NTlL5/auCjF+zozp5WdXaDhunKPA+Whedg=",
        "owner": "nix-community",
        "repo": "home-manager",
        "rev": "66d9dbfa36f59748e06bb30cd98b3f4ad76cd482",
        "type": "github"
      },
      "original": {
        "owner": "nix-community",
        "repo": "home-manager",
        "type": "github"
      }
    },
    "hpc-coveralls": {
      "flake": false,
      "locked": {
        "lastModified": 1607498076,
        "narHash": "sha256-8uqsEtivphgZWYeUo5RDUhp6bO9j2vaaProQxHBltQk=",
        "owner": "sevanspowell",
        "repo": "hpc-coveralls",
        "rev": "14df0f7d229f4cd2e79f8eabb1a740097fdfa430",
        "type": "github"
      },
      "original": {
        "owner": "sevanspowell",
        "repo": "hpc-coveralls",
        "type": "github"
      }
    },
    "jetbrains-mono": {
      "flake": false,
      "locked": {
        "lastModified": 1633084063,
        "narHash": "sha256-vDh1/TM2ccvWg1i6TcYsAcmh51qlZR8ld3y/3aeCe6A=",
        "owner": "JetBrains",
        "repo": "JetBrainsMono",
        "rev": "376d930416f37df9353cdddaeb16646bdc3e4ef1",
        "type": "github"
      },
      "original": {
        "owner": "JetBrains",
        "repo": "JetBrainsMono",
        "type": "github"
      }
    },
    "neovim": {
      "flake": false,
      "locked": {
        "lastModified": 1633033922,
        "narHash": "sha256-r/oge7xmJY8yQp7DmO5JRpRgknnovA7CE0bNNqnJ7g0=",
        "owner": "neovim",
        "repo": "neovim",
        "rev": "9337fff8aad610acd5ef619f757686c47f0c118c",
        "type": "github"
      },
      "original": {
        "owner": "neovim",
        "repo": "neovim",
        "type": "github"
      }
    },
    "nix-project": {
      "flake": false,
      "locked": {
        "lastModified": 1632290397,
        "narHash": "sha256-ZJ4bUnVt0SVtOs9XeliGHSF2fvM6oMLMq6LHx1pHP+U=",
        "owner": "shajra",
        "repo": "nix-project",
        "rev": "b3acc2c6d13c8887bce7284684e44d937a2db7c5",
        "type": "github"
      },
      "original": {
        "owner": "shajra",
        "repo": "nix-project",
        "type": "github"
      }
    },
    "nix-tools": {
      "flake": false,
      "locked": {
        "lastModified": 1627889534,
        "narHash": "sha256-9eEbK2nrRp6rYGQoBv6LO9IA/ANZpofwAkxMuGBD45Y=",
        "owner": "input-output-hk",
        "repo": "nix-tools",
        "rev": "15d2e4b61cb63ff351f3c490c12c4d89eafd31a1",
        "type": "github"
      },
      "original": {
        "owner": "input-output-hk",
        "repo": "nix-tools",
        "type": "github"
      }
    },
    "nixpkgs": {
      "locked": {
        "lastModified": 1632574347,
        "narHash": "sha256-E6iyiJkavgsu/VTqRFVj1Hdpc6FSjxQK37NW1j9GtGA=",
        "owner": "miuirussia",
        "repo": "nixpkgs",
        "rev": "19ed8e3c0b7b1415a38c1e3c6edd0438a08377ea",
        "type": "github"
      },
      "original": {
        "owner": "miuirussia",
        "ref": "nixpkgs-unstable",
        "repo": "nixpkgs",
        "type": "github"
      }
    },
    "nixpkgs-2003": {
      "locked": {
        "lastModified": 1620055814,
        "narHash": "sha256-8LEHoYSJiL901bTMVatq+rf8y7QtWuZhwwpKE2fyaRY=",
        "owner": "NixOS",
        "repo": "nixpkgs",
        "rev": "1db42b7fe3878f3f5f7a4f2dc210772fd080e205",
        "type": "github"
      },
      "original": {
        "owner": "NixOS",
        "ref": "nixpkgs-20.03-darwin",
        "repo": "nixpkgs",
        "type": "github"
      }
    },
    "nixpkgs-2009": {
      "locked": {
        "lastModified": 1624271064,
        "narHash": "sha256-qns/uRW7MR2EfVf6VEeLgCsCp7pIOjDeR44JzTF09MA=",
        "owner": "NixOS",
        "repo": "nixpkgs",
        "rev": "46d1c3f28ca991601a53e9a14fdd53fcd3dd8416",
        "type": "github"
      },
      "original": {
        "owner": "NixOS",
        "ref": "nixpkgs-20.09-darwin",
        "repo": "nixpkgs",
        "type": "github"
      }
    },
    "nixpkgs-2105": {
      "locked": {
        "lastModified": 1630481079,
        "narHash": "sha256-leWXLchbAbqOlLT6tju631G40SzQWPqaAXQG3zH1Imw=",
        "owner": "NixOS",
        "repo": "nixpkgs",
        "rev": "110a2c9ebbf5d4a94486854f18a37a938cfacbbb",
        "type": "github"
      },
      "original": {
        "owner": "NixOS",
        "ref": "nixpkgs-21.05-darwin",
        "repo": "nixpkgs",
        "type": "github"
      }
    },
    "nixpkgs-unstable": {
      "locked": {
        "lastModified": 1628785280,
        "narHash": "sha256-2B5eMrEr6O8ff2aQNeVxTB+9WrGE80OB4+oM6T7fOcc=",
        "owner": "NixOS",
        "repo": "nixpkgs",
        "rev": "6525bbc06a39f26750ad8ee0d40000ddfdc24acb",
        "type": "github"
      },
      "original": {
        "owner": "NixOS",
        "ref": "nixpkgs-unstable",
        "repo": "nixpkgs",
        "type": "github"
      }
    },
    "nvim-bufferline": {
      "flake": false,
      "locked": {
        "lastModified": 1632848501,
        "narHash": "sha256-0uRSY8VlCpqWN7ByPvIfZxsSpxrauW4+nCCtKliicy8=",
        "owner": "akinsho",
        "repo": "bufferline.nvim",
        "rev": "5fb90051aa17a840b0bcdbff0055ea83d6ad9f59",
        "type": "github"
      },
      "original": {
        "owner": "akinsho",
        "repo": "bufferline.nvim",
        "type": "github"
      }
    },
    "nvim-cmp": {
      "flake": false,
      "locked": {
        "lastModified": 1633003592,
        "narHash": "sha256-q7H6C4zNSVnCknXv70J5d4LySR0Iprvb6cqqoJyGZus=",
        "owner": "hrsh7th",
        "repo": "nvim-cmp",
        "rev": "af70f40d2eb6db2121536c8df2e114af759df537",
        "type": "github"
      },
      "original": {
        "owner": "hrsh7th",
        "repo": "nvim-cmp",
        "type": "github"
      }
    },
    "nvim-cmp-buffer": {
      "flake": false,
      "locked": {
        "lastModified": 1630563990,
        "narHash": "sha256-lLP6gnuSN/tJiJ1sb2u6Xm5G2P59pz6tnOGDRfbivjk=",
        "owner": "hrsh7th",
        "repo": "cmp-buffer",
        "rev": "5dde5430757696be4169ad409210cf5088554ed6",
        "type": "github"
      },
      "original": {
        "owner": "hrsh7th",
        "repo": "cmp-buffer",
        "type": "github"
      }
    },
    "nvim-cmp-lsp": {
      "flake": false,
      "locked": {
        "lastModified": 1633004104,
        "narHash": "sha256-vfL4OXpufc3lN3SGJsV1T4xOa5wyn05GdYRSms6VpAs=",
        "owner": "hrsh7th",
        "repo": "cmp-nvim-lsp",
        "rev": "f93a6cf9761b096ff2c28a4f0defe941a6ffffb5",
        "type": "github"
      },
      "original": {
        "owner": "hrsh7th",
        "repo": "cmp-nvim-lsp",
        "type": "github"
      }
    },
    "nvim-cmp-path": {
      "flake": false,
      "locked": {
        "lastModified": 1631378163,
        "narHash": "sha256-axU7g7Dg+/uCVFxuz42FaUtUyU/Xzlm/XOsEvlUfZA4=",
        "owner": "hrsh7th",
        "repo": "cmp-path",
        "rev": "0016221b6143fd6bf308667c249e9dbdee835ae2",
        "type": "github"
      },
      "original": {
        "owner": "hrsh7th",
        "repo": "cmp-path",
        "type": "github"
      }
    },
    "nvim-cmp-vsnip": {
      "flake": false,
      "locked": {
        "lastModified": 1629873547,
        "narHash": "sha256-XKkR5wxSCF5E4ZEUrwodSBmyEPmjYdRbxIuN0o4Df2A=",
        "owner": "hrsh7th",
        "repo": "cmp-vsnip",
        "rev": "1588c35bf8f637e8f5287477f31895781858f970",
        "type": "github"
      },
      "original": {
        "owner": "hrsh7th",
        "repo": "cmp-vsnip",
        "type": "github"
      }
    },
    "nvim-gitsigns": {
      "flake": false,
      "locked": {
        "lastModified": 1632744672,
        "narHash": "sha256-81A7V5woHHtrx13JUEDFqSHbFPjgQgVsJkWLfkVMblM=",
        "owner": "lewis6991",
        "repo": "gitsigns.nvim",
        "rev": "805b12a9b7b1997a47b185cdb2938e0f3e428714",
        "type": "github"
      },
      "original": {
        "owner": "lewis6991",
        "repo": "gitsigns.nvim",
        "type": "github"
      }
    },
    "nvim-gps": {
      "flake": false,
      "locked": {
        "lastModified": 1633009251,
        "narHash": "sha256-eidKtxS84RutZHw2EA/vrejTFjSG1A/F4vlJXXdegow=",
        "owner": "SmiteshP",
        "repo": "nvim-gps",
        "rev": "e8b068b0e59395e2acf4b1bdc066bd80539704ba",
        "type": "github"
      },
      "original": {
        "owner": "SmiteshP",
        "repo": "nvim-gps",
        "type": "github"
      }
    },
    "nvim-lsp-colors": {
      "flake": false,
      "locked": {
        "lastModified": 1619764948,
        "narHash": "sha256-Uao1qxTKc5gHKs0CYbYkOne0yZ8B/dpjLGrmpcqaQeE=",
        "owner": "folke",
        "repo": "lsp-colors.nvim",
        "rev": "00b40add53f2f6bd249932d0c0cd25a42ce7a2fc",
        "type": "github"
      },
      "original": {
        "owner": "folke",
        "repo": "lsp-colors.nvim",
        "type": "github"
      }
    },
    "nvim-lspconfig": {
      "flake": false,
      "locked": {
        "lastModified": 1633072023,
        "narHash": "sha256-wnBaFRkUbLsYl5ZjYLN0zypEi2jxQfvfzXhRoequTIY=",
        "owner": "neovim",
        "repo": "nvim-lspconfig",
        "rev": "507f8a570ac2b8b8dabdd0f62da3b3194bf822f8",
        "type": "github"
      },
      "original": {
        "owner": "neovim",
        "repo": "nvim-lspconfig",
        "type": "github"
      }
    },
    "nvim-lspkind": {
      "flake": false,
      "locked": {
        "lastModified": 1629354866,
        "narHash": "sha256-DFVxONyAbWXwqijCrvNojTnvyt6BtETOS4c2CIX/bC0=",
        "owner": "onsails",
        "repo": "lspkind-nvim",
        "rev": "9cc326504e566f467407bae2669a98963c5404d2",
        "type": "github"
      },
      "original": {
        "owner": "onsails",
        "repo": "lspkind-nvim",
        "type": "github"
      }
    },
    "nvim-lspsaga": {
      "flake": false,
      "locked": {
        "lastModified": 1632857038,
        "narHash": "sha256-58lWaAzgKW6aSRLBO4U3ccNE7IEkah7S4j9WQnvnvpk=",
        "owner": "miuirussia",
        "repo": "lspsaga.nvim",
        "rev": "fdd2a86e916ffebe62715cd05fd96e49ee5f6c42",
        "type": "github"
      },
      "original": {
        "owner": "miuirussia",
        "repo": "lspsaga.nvim",
        "type": "github"
      }
    },
    "nvim-lspstatus": {
      "flake": false,
      "locked": {
        "lastModified": 1631735121,
        "narHash": "sha256-otDFYc9Sl1OYmkrWFCzgAG0XkXyvR/ebRe2zAOwQ1IA=",
        "owner": "nvim-lua",
        "repo": "lsp-status.nvim",
        "rev": "e8e5303f9ee3d8dc327c97891eaa1257ba5d4eee",
        "type": "github"
      },
      "original": {
        "owner": "nvim-lua",
        "repo": "lsp-status.nvim",
        "type": "github"
      }
    },
    "nvim-lualine": {
      "flake": false,
      "locked": {
        "lastModified": 1633096497,
        "narHash": "sha256-LvotXuE4AQkw909On7tRX9923zX3NV9RWRP+SaEjlHI=",
        "owner": "shadmansaleh",
        "repo": "lualine.nvim",
        "rev": "846e5bdabfc2bb49407a1e32ed5deec1375c3b08",
        "type": "github"
      },
      "original": {
        "owner": "shadmansaleh",
        "repo": "lualine.nvim",
        "type": "github"
      }
    },
    "nvim-matchup": {
      "flake": false,
      "locked": {
        "lastModified": 1632959501,
        "narHash": "sha256-6917PItGjoTJ9JU0t+Rg0UaFo+TY9Ad+3O+CRXMBPCE=",
        "owner": "andymass",
        "repo": "vim-matchup",
        "rev": "74cbb6b941efc91b236f655ed2f7ac4b6ab55c77",
        "type": "github"
      },
      "original": {
        "owner": "andymass",
        "repo": "vim-matchup",
        "type": "github"
      }
    },
    "nvim-notify": {
      "flake": false,
      "locked": {
        "lastModified": 1633076179,
        "narHash": "sha256-CrRTgkrXfbwAFbzPWgRgdiXZ8Wd8SR6T/YwzUvyAjmk=",
        "owner": "rcarriga",
        "repo": "nvim-notify",
        "rev": "dfaf5b90a8a827cb541b201218aeb0062cd8f312",
        "type": "github"
      },
      "original": {
        "owner": "rcarriga",
        "repo": "nvim-notify",
        "type": "github"
      }
    },
    "nvim-nui": {
      "flake": false,
      "locked": {
        "lastModified": 1632242513,
        "narHash": "sha256-4O3e/G7/gTRdOkEPtdvU9+Zg3jVKr8Z7wqnIt/bLXnk=",
        "owner": "MunifTanjim",
        "repo": "nui.nvim",
        "rev": "426289045eb59a8083bda34750bc3ffcc1094bad",
        "type": "github"
      },
      "original": {
        "owner": "MunifTanjim",
        "repo": "nui.nvim",
        "type": "github"
      }
    },
    "nvim-null-ls": {
      "flake": false,
      "locked": {
        "lastModified": 1633099465,
        "narHash": "sha256-nmfbEzH1nl2KNirEzocAovoLKs6NMoDOCk77V1OKfsY=",
        "owner": "jose-elias-alvarez",
        "repo": "null-ls.nvim",
        "rev": "27d30e43b8ecd0623463ff8e71f7c1bb989b7e21",
        "type": "github"
      },
      "original": {
        "owner": "jose-elias-alvarez",
        "repo": "null-ls.nvim",
        "type": "github"
      }
    },
    "nvim-onedark": {
      "flake": false,
      "locked": {
        "lastModified": 1628698393,
        "narHash": "sha256-Pv/r4oduRTlS5anpUDIPpbBXcEHFJwkJ1v3VubZDHA4=",
        "owner": "monsonjeremy",
        "repo": "onedark.nvim",
        "rev": "86c704ae07a032adf25cbc8bb73a88f42810df74",
        "type": "github"
      },
      "original": {
        "owner": "monsonjeremy",
        "repo": "onedark.nvim",
        "type": "github"
      }
    },
    "nvim-package-info": {
      "flake": false,
      "locked": {
        "lastModified": 1632264220,
        "narHash": "sha256-6y/2XfFMl4qDbPBFb+vqwKoxJkNNrAEkL/wdXguEbVA=",
        "owner": "vuki656",
        "repo": "package-info.nvim",
        "rev": "e4c4b81ea41f6bd0dd4df437488f33c6a1aebe50",
        "type": "github"
      },
      "original": {
        "owner": "vuki656",
        "repo": "package-info.nvim",
        "type": "github"
      }
    },
    "nvim-plenary": {
      "flake": false,
      "locked": {
        "lastModified": 1633029194,
        "narHash": "sha256-z+nh4QmecitIefs67ZQgbXDA4YIESml6mGBaWLHrg4k=",
        "owner": "nvim-lua",
        "repo": "plenary.nvim",
        "rev": "6bb0e09030a7c2af19bf288088ca815228de9429",
        "type": "github"
      },
      "original": {
        "owner": "nvim-lua",
        "repo": "plenary.nvim",
        "type": "github"
      }
    },
    "nvim-treesitter": {
      "flake": false,
      "locked": {
        "lastModified": 1633069498,
        "narHash": "sha256-Ig1A3jaj360oNdzqkbwVN5bwE6SLO/J4ISXynY3BqVs=",
        "owner": "nvim-treesitter",
        "repo": "nvim-treesitter",
        "rev": "b12ab1d851b9e91983b3600fce1e4ebefb4f7f4b",
        "type": "github"
      },
      "original": {
        "owner": "nvim-treesitter",
        "repo": "nvim-treesitter",
        "type": "github"
      }
    },
    "nvim-vsnip": {
      "flake": false,
      "locked": {
        "lastModified": 1631603490,
        "narHash": "sha256-zgGh5rVg9cYG8q9d33kBSvtes41LhP+g/9ofeh1DiFQ=",
        "owner": "hrsh7th",
        "repo": "vim-vsnip",
        "rev": "9ac8044206d32bea4dba34e77b6a3b7b87f65df6",
        "type": "github"
      },
      "original": {
        "owner": "hrsh7th",
        "repo": "vim-vsnip",
        "type": "github"
      }
    },
    "nvim-web-devicons": {
      "flake": false,
      "locked": {
        "lastModified": 1632999853,
        "narHash": "sha256-iegRMTDj3ChI/6JLJYtGoI8zsZWRgBokHRY3ilsbOu0=",
        "owner": "kyazdani42",
        "repo": "nvim-web-devicons",
        "rev": "7f768cd3064f469df872ec61c9c5e363b6117ec2",
        "type": "github"
      },
      "original": {
        "owner": "kyazdani42",
        "repo": "nvim-web-devicons",
        "type": "github"
      }
    },
    "nvim-which-key": {
      "flake": false,
      "locked": {
        "lastModified": 1628160854,
        "narHash": "sha256-eoaBx7PzctB0rwmBW/ba9O9rcbyRCNvBafWXHUToZAI=",
        "owner": "folke",
        "repo": "which-key.nvim",
        "rev": "b582c9d78f0d105041ed29ec3a8ee11d98ddfd50",
        "type": "github"
      },
      "original": {
        "owner": "folke",
        "repo": "which-key.nvim",
        "type": "github"
      }
    },
    "old-ghc-nix": {
      "flake": false,
      "locked": {
        "lastModified": 1631092763,
        "narHash": "sha256-sIKgO+z7tj4lw3u6oBZxqIhDrzSkvpHtv0Kki+lh9Fg=",
        "owner": "angerman",
        "repo": "old-ghc-nix",
        "rev": "af48a7a7353e418119b6dfe3cd1463a657f342b8",
        "type": "github"
      },
      "original": {
        "owner": "angerman",
        "ref": "master",
        "repo": "old-ghc-nix",
        "type": "github"
      }
    },
    "root": {
      "inputs": {
        "base16-shell": "base16-shell",
        "darwin": "darwin",
        "fast-syntax-highlighting": "fast-syntax-highlighting",
        "flake-compat": "flake-compat",
        "flake-utils": "flake-utils",
        "hackage": "hackage",
        "haskell-nix": "haskell-nix",
        "hls-nix": "hls-nix",
        "home-manager": "home-manager",
        "jetbrains-mono": "jetbrains-mono",
        "neovim": "neovim",
        "nixpkgs": "nixpkgs",
        "nvim-bufferline": "nvim-bufferline",
        "nvim-cmp": "nvim-cmp",
        "nvim-cmp-buffer": "nvim-cmp-buffer",
        "nvim-cmp-lsp": "nvim-cmp-lsp",
        "nvim-cmp-path": "nvim-cmp-path",
        "nvim-cmp-vsnip": "nvim-cmp-vsnip",
        "nvim-gitsigns": "nvim-gitsigns",
        "nvim-gps": "nvim-gps",
        "nvim-lsp-colors": "nvim-lsp-colors",
        "nvim-lspconfig": "nvim-lspconfig",
        "nvim-lspkind": "nvim-lspkind",
        "nvim-lspsaga": "nvim-lspsaga",
        "nvim-lspstatus": "nvim-lspstatus",
        "nvim-lualine": "nvim-lualine",
        "nvim-matchup": "nvim-matchup",
        "nvim-notify": "nvim-notify",
        "nvim-nui": "nvim-nui",
        "nvim-null-ls": "nvim-null-ls",
        "nvim-onedark": "nvim-onedark",
        "nvim-package-info": "nvim-package-info",
        "nvim-plenary": "nvim-plenary",
        "nvim-treesitter": "nvim-treesitter",
        "nvim-vsnip": "nvim-vsnip",
        "nvim-web-devicons": "nvim-web-devicons",
        "nvim-which-key": "nvim-which-key",
        "stackage": "stackage",
        "tree-sitter": "tree-sitter",
        "vim-dhall": "vim-dhall",
        "vim-haskell": "vim-haskell",
        "vim-js": "vim-js",
        "vim-json5": "vim-json5",
        "vim-jsx-pretty": "vim-jsx-pretty",
        "vim-nginx": "vim-nginx",
        "vim-purescript": "vim-purescript",
        "vim-rooter": "vim-rooter",
        "vim-rust": "vim-rust",
        "vim-sandwich": "vim-sandwich",
        "vim-styled-components": "vim-styled-components",
        "vim-tabular": "vim-tabular",
        "vim-toml": "vim-toml",
        "vim-typescript": "vim-typescript",
        "vim-vista": "vim-vista",
        "zsh-history-substring-search": "zsh-history-substring-search",
        "zsh-syntax-highlighting": "zsh-syntax-highlighting"
      }
    },
    "stackage": {
      "flake": false,
      "locked": {
        "lastModified": 1633051028,
        "narHash": "sha256-VVV2Jh8efpgLLliLzBOixUL5z7mOldVqD0gpLchFV9M=",
        "owner": "input-output-hk",
        "repo": "stackage.nix",
        "rev": "0b002599d10074d22589e942a48c294a0392451b",
        "type": "github"
      },
      "original": {
        "owner": "input-output-hk",
        "repo": "stackage.nix",
        "type": "github"
      }
    },
    "tree-sitter": {
      "flake": false,
      "locked": {
        "lastModified": 1633069499,
        "narHash": "sha256-uxiDAZ90KlEQpbmyO+eOioCnDs9xRmuhZNO26Gk//qs=",
        "owner": "tree-sitter",
        "repo": "tree-sitter",
        "rev": "7890a29db0b186b7b21a0a95d99fa6c562b8316b",
        "type": "github"
      },
      "original": {
        "owner": "tree-sitter",
        "repo": "tree-sitter",
        "type": "github"
      }
    },
    "vim-dhall": {
      "flake": false,
      "locked": {
        "lastModified": 1622918822,
        "narHash": "sha256-HCMI41N7ntB0vE+ax06Vs8tEObJllAG326odzCZRllM=",
        "owner": "vmchale",
        "repo": "dhall-vim",
        "rev": "68500ef46ff3706f46c99db3be7a0c8abcf6a3ae",
        "type": "github"
      },
      "original": {
        "owner": "vmchale",
        "repo": "dhall-vim",
        "type": "github"
      }
    },
    "vim-haskell": {
      "flake": false,
      "locked": {
        "lastModified": 1611065650,
        "narHash": "sha256-4FvqwxaMu3Mznrmt4U5NZlmUAdUIiLpr9fW+kjdwcOA=",
        "owner": "neovimhaskell",
        "repo": "haskell-vim",
        "rev": "f35d02204b4813d1dbe8b0e98cc39701a4b8e15e",
        "type": "github"
      },
      "original": {
        "owner": "neovimhaskell",
        "repo": "haskell-vim",
        "type": "github"
      }
    },
    "vim-js": {
      "flake": false,
      "locked": {
        "lastModified": 1616931512,
        "narHash": "sha256-SjBnT5Dh1FlcN89cf9NFTYMCCMNatje9EisYiAvPZ4A=",
        "owner": "yuezk",
        "repo": "vim-js",
        "rev": "90f340d31907590fad059cd9aab03a55ab49e352",
        "type": "github"
      },
      "original": {
        "owner": "yuezk",
        "repo": "vim-js",
        "type": "github"
      }
    },
    "vim-json5": {
      "flake": false,
      "locked": {
        "lastModified": 1554096959,
        "narHash": "sha256-J/DyTQCoYNiklYp4PzUMDiwtyoqBwjfMIWGlkdNkqA4=",
        "owner": "gutenye",
        "repo": "json5.vim",
        "rev": "1e1718959b33b9af9406d0ebf61cfcd71e274385",
        "type": "github"
      },
      "original": {
        "owner": "gutenye",
        "repo": "json5.vim",
        "type": "github"
      }
    },
    "vim-jsx-pretty": {
      "flake": false,
      "locked": {
        "lastModified": 1610437872,
        "narHash": "sha256-6K75uLhqEyH325Wd/xN6JmCw/6vWGRBDKpiF5bY0p5k=",
        "owner": "maxmellon",
        "repo": "vim-jsx-pretty",
        "rev": "6989f1663cc03d7da72b5ef1c03f87e6ddb70b41",
        "type": "github"
      },
      "original": {
        "owner": "maxmellon",
        "repo": "vim-jsx-pretty",
        "type": "github"
      }
    },
    "vim-nginx": {
      "flake": false,
      "locked": {
        "lastModified": 1632772002,
        "narHash": "sha256-hthIwuu7SHLTkJ2ViN6u7/JjAeScDLxxFi+8wPUvSM0=",
        "owner": "chr4",
        "repo": "nginx.vim",
        "rev": "b42ba30810d8cc7d765df98e09b9e3e473e35922",
        "type": "github"
      },
      "original": {
        "owner": "chr4",
        "repo": "nginx.vim",
        "type": "github"
      }
    },
    "vim-purescript": {
      "flake": false,
      "locked": {
        "lastModified": 1619040256,
        "narHash": "sha256-R/Exmf2Wd1MRWxYBkr0wMp7rycL2lF/GsL0bRR5FzuI=",
        "owner": "purescript-contrib",
        "repo": "purescript-vim",
        "rev": "d493b57406d2742f6f6c6545de5a3492f2e5b888",
        "type": "github"
      },
      "original": {
        "owner": "purescript-contrib",
        "repo": "purescript-vim",
        "type": "github"
      }
    },
    "vim-rooter": {
      "flake": false,
      "locked": {
        "lastModified": 1627488712,
        "narHash": "sha256-8VYGZDZbT7r/vRtMKqDlI2jD498QxwHmEliYmbmc6uw=",
        "owner": "airblade",
        "repo": "vim-rooter",
        "rev": "0415be8b5989e56f6c9e382a04906b7f719cfb38",
        "type": "github"
      },
      "original": {
        "owner": "airblade",
        "repo": "vim-rooter",
        "type": "github"
      }
    },
    "vim-rust": {
      "flake": false,
      "locked": {
        "lastModified": 1630786160,
        "narHash": "sha256-MIihub2Zi8N6BRSz2kUgQTO9mvZVKLa/koKnoxUUuoY=",
        "owner": "rust-lang",
        "repo": "rust.vim",
        "rev": "c06a17151c69b9d61e60a28274932a28fd37c453",
        "type": "github"
      },
      "original": {
        "owner": "rust-lang",
        "repo": "rust.vim",
        "type": "github"
      }
    },
    "vim-sandwich": {
      "flake": false,
      "locked": {
        "lastModified": 1630662331,
        "narHash": "sha256-2Mmfs4aNTrcUEcvuQbetSRi/lUvoTQY2oKjtGWafWQU=",
        "owner": "machakann",
        "repo": "vim-sandwich",
        "rev": "785fb39d79bb843b545f1d8a9265bd8f2e2285f8",
        "type": "github"
      },
      "original": {
        "owner": "machakann",
        "repo": "vim-sandwich",
        "type": "github"
      }
    },
    "vim-styled-components": {
      "flake": false,
      "locked": {
        "lastModified": 1616055031,
        "narHash": "sha256-cvb3BVuPV9npFSWJqc9z//a8uFjB5YyMH8qiwpcmA2c=",
        "owner": "styled-components",
        "repo": "vim-styled-components",
        "rev": "75e178916fc3e61385350933a23055927f5f60b7",
        "type": "github"
      },
      "original": {
        "owner": "styled-components",
        "repo": "vim-styled-components",
        "type": "github"
      }
    },
    "vim-tabular": {
      "flake": false,
      "locked": {
        "lastModified": 1550598128,
        "narHash": "sha256-irolBA/m3YIaezl+90h5G+xUOpad+3u44uJqDs4JCUs=",
        "owner": "godlygeek",
        "repo": "tabular",
        "rev": "339091ac4dd1f17e225fe7d57b48aff55f99b23a",
        "type": "github"
      },
      "original": {
        "owner": "godlygeek",
        "repo": "tabular",
        "type": "github"
      }
    },
    "vim-toml": {
      "flake": false,
      "locked": {
        "lastModified": 1632672446,
        "narHash": "sha256-JfB1SmlYKNADcDWoEE+kIg7QtyFjkK4vEFx48As6yrI=",
        "owner": "cespare",
        "repo": "vim-toml",
        "rev": "8f40e6db284db7e893fceff64c62358862bceb88",
        "type": "github"
      },
      "original": {
        "owner": "cespare",
        "repo": "vim-toml",
        "type": "github"
      }
    },
    "vim-typescript": {
      "flake": false,
      "locked": {
        "lastModified": 1630837734,
        "narHash": "sha256-axQW0XFmzYlFBmBjw64yDEruvSkX0HaBqiZCC0Jr0m8=",
        "owner": "herringtondarkholme",
        "repo": "yats.vim",
        "rev": "3188778d38c736f11161cf6fafc33572cb055816",
        "type": "github"
      },
      "original": {
        "owner": "herringtondarkholme",
        "repo": "yats.vim",
        "type": "github"
      }
    },
    "vim-vista": {
      "flake": false,
      "locked": {
        "lastModified": 1632137348,
        "narHash": "sha256-E5spFZIxci48FWoylpUT8Ar3mjA8OE4m34VWqLe0Zt0=",
        "owner": "liuchengxu",
        "repo": "vista.vim",
        "rev": "f49ca3dbf334ac33d2629c510524285335031706",
        "type": "github"
      },
      "original": {
        "owner": "liuchengxu",
        "repo": "vista.vim",
        "type": "github"
      }
    },
    "zsh-history-substring-search": {
      "flake": false,
      "locked": {
        "lastModified": 1627971553,
        "narHash": "sha256-8kiPBtgsjRDqLWt0xGJ6vBBLqCWEIyFpYfd+s1prHWk=",
        "owner": "zsh-users",
        "repo": "zsh-history-substring-search",
        "rev": "4abed97b6e67eb5590b39bcd59080aa23192f25d",
        "type": "github"
      },
      "original": {
        "owner": "zsh-users",
        "repo": "zsh-history-substring-search",
        "type": "github"
      }
    },
    "zsh-syntax-highlighting": {
      "flake": false,
      "locked": {
        "lastModified": 1632454857,
        "narHash": "sha256-vwtgFWEs51ZfrUbWmRjcHZz+WPMFUrSHfIt4FjrMOoU=",
        "owner": "zsh-users",
        "repo": "zsh-syntax-highlighting",
        "rev": "1a9264bc661b3d52756916bf9ec3f41687d64db2",
        "type": "github"
      },
      "original": {
        "owner": "zsh-users",
        "repo": "zsh-syntax-highlighting",
        "type": "github"
      }
    }
  },
  "root": "root",
  "version": 7
}
