{
  "nodes": {
    "agenix": {
      "inputs": {
        "agenix": "agenix_2",
        "crane": "crane",
        "flake-utils": "flake-utils",
        "nixpkgs": [
          "nixpkgs"
        ],
        "rust-overlay": "rust-overlay"
      },
      "locked": {
        "lastModified": 1682237245,
        "narHash": "sha256-xbBR7LNK+d5Yi/D6FXQGc1R6u2VV2nwr/Df5iaEbOEQ=",
        "owner": "yaxitech",
        "repo": "ragenix",
        "rev": "281f68c3d477904f79ff1cd5807a8c226cd80a50",
        "type": "github"
      },
      "original": {
        "owner": "yaxitech",
        "repo": "ragenix",
        "type": "github"
      }
    },
    "agenix_2": {
      "inputs": {
        "darwin": "darwin",
        "nixpkgs": [
          "agenix",
          "nixpkgs"
        ]
      },
      "locked": {
        "lastModified": 1682101079,
        "narHash": "sha256-MdAhtjrLKnk2uiqun1FWABbKpLH090oeqCSiWemtuck=",
        "owner": "ryantm",
        "repo": "agenix",
        "rev": "2994d002dcff5353ca1ac48ec584c7f6589fe447",
        "type": "github"
      },
      "original": {
        "owner": "ryantm",
        "repo": "agenix",
        "type": "github"
      }
    },
    "base16-shell": {
      "flake": false,
      "locked": {
        "lastModified": 1663053609,
        "narHash": "sha256-X89FsG9QICDw3jZvOCB/KsPBVOLUeE7xN3VCtf0DD3E=",
        "owner": "chriskempson",
        "repo": "base16-shell",
        "rev": "588691ba71b47e75793ed9edfcfaa058326a6f41",
        "type": "github"
      },
      "original": {
        "owner": "chriskempson",
        "repo": "base16-shell",
        "type": "github"
      }
    },
    "crane": {
      "inputs": {
        "flake-compat": "flake-compat",
        "flake-utils": [
          "agenix",
          "flake-utils"
        ],
        "nixpkgs": [
          "agenix",
          "nixpkgs"
        ],
        "rust-overlay": [
          "agenix",
          "rust-overlay"
        ]
      },
      "locked": {
        "lastModified": 1681680516,
        "narHash": "sha256-EB8Adaeg4zgcYDJn9sR6UMjN/OHdIiMMK19+3LmmXQY=",
        "owner": "ipetkov",
        "repo": "crane",
        "rev": "54b63c8eae4c50172cb50b612946ff1d2bc1c75c",
        "type": "github"
      },
      "original": {
        "owner": "ipetkov",
        "repo": "crane",
        "type": "github"
      }
    },
    "darwin": {
      "inputs": {
        "nixpkgs": [
          "agenix",
          "agenix",
          "nixpkgs"
        ]
      },
      "locked": {
        "lastModified": 1673295039,
        "narHash": "sha256-AsdYgE8/GPwcelGgrntlijMg4t3hLFJFCRF3tL5WVjA=",
        "owner": "lnl7",
        "repo": "nix-darwin",
        "rev": "87b9d090ad39b25b2400029c64825fc2a8868943",
        "type": "github"
      },
      "original": {
        "owner": "lnl7",
        "ref": "master",
        "repo": "nix-darwin",
        "type": "github"
      }
    },
    "darwin_2": {
      "inputs": {
        "nixpkgs": [
          "nixpkgs"
        ]
      },
      "locked": {
        "lastModified": 1692248770,
        "narHash": "sha256-tZeFpETKQGbgnaSIO1AGWD27IyTcBm4D+A9d7ulQ4NM=",
        "owner": "LnL7",
        "repo": "nix-darwin",
        "rev": "511177ffe8226c78c9cf6a92a7b5f2df3684956b",
        "type": "github"
      },
      "original": {
        "owner": "LnL7",
        "ref": "master",
        "repo": "nix-darwin",
        "type": "github"
      }
    },
    "fast-syntax-highlighting": {
      "flake": false,
      "locked": {
        "lastModified": 1688591419,
        "narHash": "sha256-RVX9ZSzjBW3LpFs2W86lKI6vtcvDWP6EPxzeTcRZua4=",
        "owner": "zdharma-continuum",
        "repo": "fast-syntax-highlighting",
        "rev": "cf318e06a9b7c9f2219d78f41b46fa6e06011fd9",
        "type": "github"
      },
      "original": {
        "owner": "zdharma-continuum",
        "repo": "fast-syntax-highlighting",
        "type": "github"
      }
    },
    "fenix": {
      "inputs": {
        "nixpkgs": [
          "nixpkgs"
        ],
        "rust-analyzer-src": "rust-analyzer-src"
      },
      "locked": {
        "lastModified": 1692771621,
        "narHash": "sha256-W1qOIeOvzkJxdITGGWqSxmFbu9ob+ZP8lXNkkQi8UL4=",
        "owner": "nix-community",
        "repo": "fenix",
        "rev": "add522038f2a32aa1263c8d3c81e1ea2265cc4e1",
        "type": "github"
      },
      "original": {
        "owner": "nix-community",
        "repo": "fenix",
        "type": "github"
      }
    },
    "flake-compat": {
      "flake": false,
      "locked": {
        "lastModified": 1673956053,
        "narHash": "sha256-4gtG9iQuiKITOjNQQeQIpoIB6b16fm+504Ch3sNKLd8=",
        "owner": "edolstra",
        "repo": "flake-compat",
        "rev": "35bb57c0c8d8b62bbfd284272c928ceb64ddbde9",
        "type": "github"
      },
      "original": {
        "owner": "edolstra",
        "repo": "flake-compat",
        "type": "github"
      }
    },
    "flake-compat_2": {
      "flake": false,
      "locked": {
        "lastModified": 1673956053,
        "narHash": "sha256-4gtG9iQuiKITOjNQQeQIpoIB6b16fm+504Ch3sNKLd8=",
        "owner": "edolstra",
        "repo": "flake-compat",
        "rev": "35bb57c0c8d8b62bbfd284272c928ceb64ddbde9",
        "type": "github"
      },
      "original": {
        "owner": "edolstra",
        "repo": "flake-compat",
        "type": "github"
      }
    },
    "flake-compat_3": {
      "flake": false,
      "locked": {
        "lastModified": 1673956053,
        "narHash": "sha256-4gtG9iQuiKITOjNQQeQIpoIB6b16fm+504Ch3sNKLd8=",
        "owner": "edolstra",
        "repo": "flake-compat",
        "rev": "35bb57c0c8d8b62bbfd284272c928ceb64ddbde9",
        "type": "github"
      },
      "original": {
        "owner": "edolstra",
        "repo": "flake-compat",
        "type": "github"
      }
    },
    "flake-utils": {
      "inputs": {
        "systems": "systems"
      },
      "locked": {
        "lastModified": 1681202837,
        "narHash": "sha256-H+Rh19JDwRtpVPAWp64F+rlEtxUWBAQW28eAi3SRSzg=",
        "owner": "numtide",
        "repo": "flake-utils",
        "rev": "cfacdce06f30d2b68473a46042957675eebb3401",
        "type": "github"
      },
      "original": {
        "owner": "numtide",
        "repo": "flake-utils",
        "type": "github"
      }
    },
    "flake-utils_2": {
      "inputs": {
        "systems": "systems_2"
      },
      "locked": {
        "lastModified": 1692799911,
        "narHash": "sha256-3eihraek4qL744EvQXsK1Ha6C3CR7nnT8X2qWap4RNk=",
        "owner": "numtide",
        "repo": "flake-utils",
        "rev": "f9e7cf818399d17d347f847525c5a5a8032e4e44",
        "type": "github"
      },
      "original": {
        "owner": "numtide",
        "repo": "flake-utils",
        "type": "github"
      }
    },
    "flake-utils_3": {
      "inputs": {
        "systems": "systems_3"
      },
      "locked": {
        "lastModified": 1685518550,
        "narHash": "sha256-o2d0KcvaXzTrPRIo0kOLV0/QXHhDQ5DTi+OxcjO8xqY=",
        "owner": "numtide",
        "repo": "flake-utils",
        "rev": "a1720a10a6cfe8234c0e93907ffe81be440f4cef",
        "type": "github"
      },
      "original": {
        "owner": "numtide",
        "repo": "flake-utils",
        "type": "github"
      }
    },
    "home-manager": {
      "inputs": {
        "nixpkgs": [
          "nixpkgs"
        ]
      },
      "locked": {
        "lastModified": 1692763155,
        "narHash": "sha256-qMrGKZ8c/q/mHO3ZdrcBPwiVVXPLLgXjY98Ejqb5kAA=",
        "owner": "nix-community",
        "repo": "home-manager",
        "rev": "6a20e40acaebf067da682661aa67da8b36812606",
        "type": "github"
      },
      "original": {
        "owner": "nix-community",
        "repo": "home-manager",
        "type": "github"
      }
    },
    "jetbrains-mono": {
      "flake": false,
      "locked": {
        "lastModified": 1678809913,
        "narHash": "sha256-vSvdHMusxttkImHtPpS9YAEC7uNnco9pn6qOQH1qNCk=",
        "owner": "JetBrains",
        "repo": "JetBrainsMono",
        "rev": "8c3ccf768d899b989a8843ae6bfaad3177c82303",
        "type": "github"
      },
      "original": {
        "owner": "JetBrains",
        "repo": "JetBrainsMono",
        "type": "github"
      }
    },
    "lowdown-src": {
      "flake": false,
      "locked": {
        "lastModified": 1633514407,
        "narHash": "sha256-Dw32tiMjdK9t3ETl5fzGrutQTzh2rufgZV4A/BbxuD4=",
        "owner": "kristapsdz",
        "repo": "lowdown",
        "rev": "d2c2b44ff6c27b936ec27358a2653caaef8f73b8",
        "type": "github"
      },
      "original": {
        "owner": "kristapsdz",
        "repo": "lowdown",
        "type": "github"
      }
    },
    "neovim-nightly": {
      "inputs": {
        "flake-utils": "flake-utils_3",
        "nixpkgs": [
          "nixpkgs"
        ]
      },
      "locked": {
        "dir": "contrib",
        "lastModified": 1692757391,
        "narHash": "sha256-Ht/YYny7I+7z7v1ZFqNcbqjbR1iFyEh5Ott1sqGE0qs=",
        "owner": "neovim",
        "repo": "neovim",
        "rev": "3e80b39a8ef9d33090800642d25fadbd282af337",
        "type": "github"
      },
      "original": {
        "dir": "contrib",
        "owner": "neovim",
        "ref": "nightly",
        "repo": "neovim",
        "type": "github"
      }
    },
    "nixUnstable": {
      "inputs": {
        "flake-compat": "flake-compat_3",
        "lowdown-src": "lowdown-src",
        "nixpkgs": "nixpkgs",
        "nixpkgs-regression": "nixpkgs-regression"
      },
      "locked": {
        "lastModified": 1691647484,
        "narHash": "sha256-KlkwLdQbspLA9BCfwtdE9+KVP+oIllUF5SXS9NnzDrM=",
        "owner": "NixOS",
        "repo": "nix",
        "rev": "a1fdc68c655e8d7ece51b6c84796d35203386c87",
        "type": "github"
      },
      "original": {
        "owner": "NixOS",
        "repo": "nix",
        "rev": "a1fdc68c655e8d7ece51b6c84796d35203386c87",
        "type": "github"
      }
    },
    "nixpkgs": {
      "locked": {
        "lastModified": 1670461440,
        "narHash": "sha256-jy1LB8HOMKGJEGXgzFRLDU1CBGL0/LlkolgnqIsF0D8=",
        "owner": "NixOS",
        "repo": "nixpkgs",
        "rev": "04a75b2eecc0acf6239acf9dd04485ff8d14f425",
        "type": "github"
      },
      "original": {
        "owner": "NixOS",
        "ref": "nixos-22.11-small",
        "repo": "nixpkgs",
        "type": "github"
      }
    },
    "nixpkgs-regression": {
      "locked": {
        "lastModified": 1643052045,
        "narHash": "sha256-uGJ0VXIhWKGXxkeNnq4TvV3CIOkUJ3PAoLZ3HMzNVMw=",
        "owner": "NixOS",
        "repo": "nixpkgs",
        "rev": "215d4d0fd80ca5163643b03a33fde804a29cc1e2",
        "type": "github"
      },
      "original": {
        "owner": "NixOS",
        "repo": "nixpkgs",
        "rev": "215d4d0fd80ca5163643b03a33fde804a29cc1e2",
        "type": "github"
      }
    },
    "nixpkgs_2": {
      "locked": {
        "lastModified": 1692753477,
        "narHash": "sha256-r7yxO0qQx3nh0nw3bpg7oerEFwYsbgiU/+aNHKHyNAU=",
        "owner": "miuirussia",
        "repo": "nixpkgs",
        "rev": "07b2cdc85272b58dad7f6ad6d653249456d3387e",
        "type": "github"
      },
      "original": {
        "owner": "miuirussia",
        "repo": "nixpkgs",
        "type": "github"
      }
    },
    "nvim-actionmenu": {
      "flake": false,
      "locked": {
        "lastModified": 1671523188,
        "narHash": "sha256-7szx+Me6WhrANbmfQ6C6gfSVB2owd02b3iZYhz7K6wY=",
        "owner": "weilbith",
        "repo": "nvim-code-action-menu",
        "rev": "e4399dbaf6eabff998d3d5f1cbcd8d9933710027",
        "type": "github"
      },
      "original": {
        "owner": "weilbith",
        "repo": "nvim-code-action-menu",
        "type": "github"
      }
    },
    "nvim-bufferline": {
      "flake": false,
      "locked": {
        "lastModified": 1691746754,
        "narHash": "sha256-jsjT56YWsFb9Qr/mjmwpOm9thYkScnSCOZ+MPzaz1DM=",
        "owner": "akinsho",
        "repo": "bufferline.nvim",
        "rev": "417b303328118b6d836ae330142e88771c48a8a3",
        "type": "github"
      },
      "original": {
        "owner": "akinsho",
        "repo": "bufferline.nvim",
        "type": "github"
      }
    },
    "nvim-cmp": {
      "flake": false,
      "locked": {
        "lastModified": 1691808952,
        "narHash": "sha256-sdsfd+JxEEZI/JpCPW7v6wO0JuPzwBdbkPq0ajYgaYc=",
        "owner": "hrsh7th",
        "repo": "nvim-cmp",
        "rev": "51f1e11a89ec701221877532ee1a23557d291dd5",
        "type": "github"
      },
      "original": {
        "owner": "hrsh7th",
        "repo": "nvim-cmp",
        "type": "github"
      }
    },
    "nvim-cmp-buffer": {
      "flake": false,
      "locked": {
        "lastModified": 1660101488,
        "narHash": "sha256-dG4U7MtnXThoa/PD+qFtCt76MQ14V1wX8GMYcvxEnbM=",
        "owner": "hrsh7th",
        "repo": "cmp-buffer",
        "rev": "3022dbc9166796b644a841a02de8dd1cc1d311fa",
        "type": "github"
      },
      "original": {
        "owner": "hrsh7th",
        "repo": "cmp-buffer",
        "type": "github"
      }
    },
    "nvim-cmp-lsp": {
      "flake": false,
      "locked": {
        "lastModified": 1687494203,
        "narHash": "sha256-mU0soCz79erJXMMqD/FyrJZ0mu2n6fE0deymPzQlxts=",
        "owner": "hrsh7th",
        "repo": "cmp-nvim-lsp",
        "rev": "44b16d11215dce86f253ce0c30949813c0a90765",
        "type": "github"
      },
      "original": {
        "owner": "hrsh7th",
        "repo": "cmp-nvim-lsp",
        "type": "github"
      }
    },
    "nvim-cmp-path": {
      "flake": false,
      "locked": {
        "lastModified": 1664784283,
        "narHash": "sha256-thppiiV3wjIaZnAXmsh7j3DUc6ceSCvGzviwFUnoPaI=",
        "owner": "hrsh7th",
        "repo": "cmp-path",
        "rev": "91ff86cd9c29299a64f968ebb45846c485725f23",
        "type": "github"
      },
      "original": {
        "owner": "hrsh7th",
        "repo": "cmp-path",
        "type": "github"
      }
    },
    "nvim-cmp-vsnip": {
      "flake": false,
      "locked": {
        "lastModified": 1669100283,
        "narHash": "sha256-2mkN03noOr5vBvRbSb35xZKorSH+8savQNZtgM9+QcM=",
        "owner": "hrsh7th",
        "repo": "cmp-vsnip",
        "rev": "989a8a73c44e926199bfd05fa7a516d51f2d2752",
        "type": "github"
      },
      "original": {
        "owner": "hrsh7th",
        "repo": "cmp-vsnip",
        "type": "github"
      }
    },
    "nvim-crates": {
      "flake": false,
      "locked": {
        "lastModified": 1691500743,
        "narHash": "sha256-09tqoU9zo32+zpP/ybo6bbDxmdzAcr3a0xU7ZKuN3pg=",
        "owner": "saecki",
        "repo": "crates.nvim",
        "rev": "d5caf28aba49e81ac4099426231f3cf3c151013a",
        "type": "github"
      },
      "original": {
        "owner": "saecki",
        "repo": "crates.nvim",
        "type": "github"
      }
    },
    "nvim-dap": {
      "flake": false,
      "locked": {
        "lastModified": 1692631069,
        "narHash": "sha256-JOpspMtMJf6URsr+bb/JqJ6PBm+hbbErMV329Nr7HgA=",
        "owner": "mfussenegger",
        "repo": "nvim-dap",
        "rev": "897c433ff2fbcf6f71a57bf18460d810e173d1e0",
        "type": "github"
      },
      "original": {
        "owner": "mfussenegger",
        "repo": "nvim-dap",
        "type": "github"
      }
    },
    "nvim-gitsigns": {
      "flake": false,
      "locked": {
        "lastModified": 1692425623,
        "narHash": "sha256-xMcR+5hN3SRXNewCfSGNXwaKxaHhzGWCBjb2n19MTPs=",
        "owner": "lewis6991",
        "repo": "gitsigns.nvim",
        "rev": "749267aaa863c30d721c9913699c5d94e0c07dd3",
        "type": "github"
      },
      "original": {
        "owner": "lewis6991",
        "repo": "gitsigns.nvim",
        "type": "github"
      }
    },
    "nvim-gps": {
      "flake": false,
      "locked": {
        "lastModified": 1656991502,
        "narHash": "sha256-o0pgk0IyeWmb4DOqlrpsWWl//E8geSUfoT06754Fz0k=",
        "owner": "SmiteshP",
        "repo": "nvim-gps",
        "rev": "f4734dff6fc2f33b5fd13412e56c4fce06650a74",
        "type": "github"
      },
      "original": {
        "owner": "SmiteshP",
        "repo": "nvim-gps",
        "type": "github"
      }
    },
    "nvim-impatient": {
      "flake": false,
      "locked": {
        "lastModified": 1683276465,
        "narHash": "sha256-qDmoUwK4k+lg4Z6JEvjfaF1utKa6PwVkBFM/HSkxH+o=",
        "owner": "lewis6991",
        "repo": "impatient.nvim",
        "rev": "47302af74be7b79f002773011f0d8e85679a7618",
        "type": "github"
      },
      "original": {
        "owner": "lewis6991",
        "repo": "impatient.nvim",
        "type": "github"
      }
    },
    "nvim-lightbulb": {
      "flake": false,
      "locked": {
        "lastModified": 1689887436,
        "narHash": "sha256-Meoop66jINllnxN6aohuPmU7DEjn64FMq/b8zuy9FEQ=",
        "owner": "kosayoda",
        "repo": "nvim-lightbulb",
        "rev": "8f00b89dd1b1dbde16872bee5fbcee2e58c9b8e9",
        "type": "github"
      },
      "original": {
        "owner": "kosayoda",
        "repo": "nvim-lightbulb",
        "type": "github"
      }
    },
    "nvim-lsp-colors": {
      "flake": false,
      "locked": {
        "lastModified": 1677501008,
        "narHash": "sha256-fPCwzKojUnHjeqsSZu5akO4QMan4ApzGyMWLRsF9um4=",
        "owner": "folke",
        "repo": "lsp-colors.nvim",
        "rev": "2bbe7541747fd339bdd8923fc45631a09bb4f1e5",
        "type": "github"
      },
      "original": {
        "owner": "folke",
        "repo": "lsp-colors.nvim",
        "type": "github"
      }
    },
    "nvim-lspconfig": {
      "flake": false,
      "locked": {
        "lastModified": 1692770384,
        "narHash": "sha256-1Uxou/dB5a1ySCB77EBhLKXj1DFPCbTudbJGSgG6f1o=",
        "owner": "neovim",
        "repo": "nvim-lspconfig",
        "rev": "1cfb96490c3889a2c57d1ef5e1acc59e9b47c455",
        "type": "github"
      },
      "original": {
        "owner": "neovim",
        "repo": "nvim-lspconfig",
        "type": "github"
      }
    },
    "nvim-lspkind": {
      "flake": false,
      "locked": {
        "lastModified": 1683275543,
        "narHash": "sha256-S+qZm51hw/cRujIfHV/1x1fYyCKI4XQ0utSL8uy4l6I=",
        "owner": "onsails",
        "repo": "lspkind-nvim",
        "rev": "57610d5ab560c073c465d6faf0c19f200cb67e6e",
        "type": "github"
      },
      "original": {
        "owner": "onsails",
        "repo": "lspkind-nvim",
        "type": "github"
      }
    },
    "nvim-lualine": {
      "flake": false,
      "locked": {
        "lastModified": 1691046210,
        "narHash": "sha256-v8finXk+sLNaFMA7pSHhEu0WF5mhPYWHEKhl0IKBv8c=",
        "owner": "nvim-lualine",
        "repo": "lualine.nvim",
        "rev": "45e27ca739c7be6c49e5496d14fcf45a303c3a63",
        "type": "github"
      },
      "original": {
        "owner": "nvim-lualine",
        "repo": "lualine.nvim",
        "type": "github"
      }
    },
    "nvim-lualine-lsp-progress": {
      "flake": false,
      "locked": {
        "lastModified": 1634947677,
        "narHash": "sha256-8HMtydFDzTxsuKvce+bIra9vZ9zHfEBHyR346W635b8=",
        "owner": "arkav",
        "repo": "lualine-lsp-progress",
        "rev": "56842d097245a08d77912edf5f2a69ba29f275d7",
        "type": "github"
      },
      "original": {
        "owner": "arkav",
        "repo": "lualine-lsp-progress",
        "type": "github"
      }
    },
    "nvim-matchup": {
      "flake": false,
      "locked": {
        "lastModified": 1691326795,
        "narHash": "sha256-pkwXs4jty/Txx4RyAAu5TFDMxeC7VnAVKrREJkYabvs=",
        "owner": "andymass",
        "repo": "vim-matchup",
        "rev": "582cbc8c2dc311deb7a03f7d505d52544c36d4b6",
        "type": "github"
      },
      "original": {
        "owner": "andymass",
        "repo": "vim-matchup",
        "type": "github"
      }
    },
    "nvim-notify": {
      "flake": false,
      "locked": {
        "lastModified": 1685978736,
        "narHash": "sha256-Rr2tzuEr06M9ZbvQbC07qcxkyjFJFYdABwRpYelKBFI=",
        "owner": "rcarriga",
        "repo": "nvim-notify",
        "rev": "ea9c8ce7a37f2238f934e087c255758659948e0f",
        "type": "github"
      },
      "original": {
        "owner": "rcarriga",
        "repo": "nvim-notify",
        "type": "github"
      }
    },
    "nvim-nui": {
      "flake": false,
      "locked": {
        "lastModified": 1689828309,
        "narHash": "sha256-nSUs9zAX7hQ3PuFrH4zQblMfTY6ALDNggmqaQnkbR5E=",
        "owner": "MunifTanjim",
        "repo": "nui.nvim",
        "rev": "9e3916e784660f55f47daa6f26053ad044db5d6a",
        "type": "github"
      },
      "original": {
        "owner": "MunifTanjim",
        "repo": "nui.nvim",
        "type": "github"
      }
    },
    "nvim-null-ls": {
      "flake": false,
      "locked": {
        "lastModified": 1691810493,
        "narHash": "sha256-cWA0rzkOp/ekVKaFee7iea1lhnqKtWUIU+fW5M950wI=",
        "owner": "jose-elias-alvarez",
        "repo": "null-ls.nvim",
        "rev": "0010ea927ab7c09ef0ce9bf28c2b573fc302f5a7",
        "type": "github"
      },
      "original": {
        "owner": "jose-elias-alvarez",
        "repo": "null-ls.nvim",
        "type": "github"
      }
    },
    "nvim-onedark": {
      "flake": false,
      "locked": {
        "lastModified": 1691426215,
        "narHash": "sha256-et9NZeCkt39U/3bqzPP8OtSlRlSJyRbYZlv32978NLM=",
        "owner": "navarasu",
        "repo": "onedark.nvim",
        "rev": "09b71d84bd2524438e48c0aa5b54d855cc72af32",
        "type": "github"
      },
      "original": {
        "owner": "navarasu",
        "repo": "onedark.nvim",
        "type": "github"
      }
    },
    "nvim-package-info": {
      "flake": false,
      "locked": {
        "lastModified": 1680028936,
        "narHash": "sha256-uQgYIYaZm/bHVnYKVI7I4/dx5z7JdxC7p3s4QETQafI=",
        "owner": "vuki656",
        "repo": "package-info.nvim",
        "rev": "4d98c8cc90d970d87c472c04bf7ca712336cc753",
        "type": "github"
      },
      "original": {
        "owner": "vuki656",
        "repo": "package-info.nvim",
        "type": "github"
      }
    },
    "nvim-plenary": {
      "flake": false,
      "locked": {
        "lastModified": 1689589150,
        "narHash": "sha256-oRtNcURQzrIRS3D88tWAl3HuFHxVJr8m/zzL7xoa/II=",
        "owner": "nvim-lua",
        "repo": "plenary.nvim",
        "rev": "267282a9ce242bbb0c5dc31445b6d353bed978bb",
        "type": "github"
      },
      "original": {
        "owner": "nvim-lua",
        "repo": "plenary.nvim",
        "type": "github"
      }
    },
    "nvim-rust-tools": {
      "flake": false,
      "locked": {
        "lastModified": 1689033186,
        "narHash": "sha256-jtfyDxifchznUupLSao6nmpVqaX1yO0xN+NhqS9fgxg=",
        "owner": "simrat39",
        "repo": "rust-tools.nvim",
        "rev": "0cc8adab23117783a0292a0c8a2fbed1005dc645",
        "type": "github"
      },
      "original": {
        "owner": "simrat39",
        "repo": "rust-tools.nvim",
        "type": "github"
      }
    },
    "nvim-telescope": {
      "flake": false,
      "locked": {
        "lastModified": 1691627694,
        "narHash": "sha256-BU6LFfuloNDhGSFS55sehZAX6mIqpD+R4X+sfu8aZwQ=",
        "owner": "nvim-telescope",
        "repo": "telescope.nvim",
        "rev": "2d92125620417fbea82ec30303823e3cd69e90e8",
        "type": "github"
      },
      "original": {
        "owner": "nvim-telescope",
        "repo": "telescope.nvim",
        "type": "github"
      }
    },
    "nvim-treesitter": {
      "flake": false,
      "locked": {
        "lastModified": 1692799038,
        "narHash": "sha256-4uuxxIeBp8l7HOmCvJjzPXyr7C6DFXTNuu0s6FALXTs=",
        "owner": "nvim-treesitter",
        "repo": "nvim-treesitter",
        "rev": "05fe2c38a3bd4f889ac13f1735685ab348d95346",
        "type": "github"
      },
      "original": {
        "owner": "nvim-treesitter",
        "repo": "nvim-treesitter",
        "type": "github"
      }
    },
    "nvim-trouble": {
      "flake": false,
      "locked": {
        "lastModified": 1690614197,
        "narHash": "sha256-Ee0AM8S/A8DU0hyOnZoKC1hkW0fvk0A+c3WGvPqmKcU=",
        "owner": "folke",
        "repo": "trouble.nvim",
        "rev": "40aad004f53ae1d1ba91bcc5c29d59f07c5f01d3",
        "type": "github"
      },
      "original": {
        "owner": "folke",
        "repo": "trouble.nvim",
        "type": "github"
      }
    },
    "nvim-vsnip": {
      "flake": false,
      "locked": {
        "lastModified": 1678609126,
        "narHash": "sha256-ehPnvGle7YrECn76YlSY/2V7Zeq56JGlmZPlwgz2FdE=",
        "owner": "hrsh7th",
        "repo": "vim-vsnip",
        "rev": "7753ba9c10429c29d25abfd11b4c60b76718c438",
        "type": "github"
      },
      "original": {
        "owner": "hrsh7th",
        "repo": "vim-vsnip",
        "type": "github"
      }
    },
    "nvim-web-devicons": {
      "flake": false,
      "locked": {
        "lastModified": 1692224430,
        "narHash": "sha256-6iuZbUi7MA69/wIMijCWj3J1s2RrCWKxQ/l7fWDnOF0=",
        "owner": "kyazdani42",
        "repo": "nvim-web-devicons",
        "rev": "cfc8824cc1db316a276b36517f093baccb8e799a",
        "type": "github"
      },
      "original": {
        "owner": "kyazdani42",
        "repo": "nvim-web-devicons",
        "type": "github"
      }
    },
    "nvim-which-key": {
      "flake": false,
      "locked": {
        "lastModified": 1690570286,
        "narHash": "sha256-B1+EHd2eH/EbD5Kip9PfhdPyyGfIkD6rsx0Z3rXvb5w=",
        "owner": "folke",
        "repo": "which-key.nvim",
        "rev": "7ccf476ebe0445a741b64e36c78a682c1c6118b7",
        "type": "github"
      },
      "original": {
        "owner": "folke",
        "repo": "which-key.nvim",
        "type": "github"
      }
    },
    "root": {
      "inputs": {
        "agenix": "agenix",
        "base16-shell": "base16-shell",
        "darwin": "darwin_2",
        "fast-syntax-highlighting": "fast-syntax-highlighting",
        "fenix": "fenix",
        "flake-compat": "flake-compat_2",
        "flake-utils": "flake-utils_2",
        "home-manager": "home-manager",
        "jetbrains-mono": "jetbrains-mono",
        "neovim-nightly": "neovim-nightly",
        "nixUnstable": "nixUnstable",
        "nixpkgs": "nixpkgs_2",
        "nvim-actionmenu": "nvim-actionmenu",
        "nvim-bufferline": "nvim-bufferline",
        "nvim-cmp": "nvim-cmp",
        "nvim-cmp-buffer": "nvim-cmp-buffer",
        "nvim-cmp-lsp": "nvim-cmp-lsp",
        "nvim-cmp-path": "nvim-cmp-path",
        "nvim-cmp-vsnip": "nvim-cmp-vsnip",
        "nvim-crates": "nvim-crates",
        "nvim-dap": "nvim-dap",
        "nvim-gitsigns": "nvim-gitsigns",
        "nvim-gps": "nvim-gps",
        "nvim-impatient": "nvim-impatient",
        "nvim-lightbulb": "nvim-lightbulb",
        "nvim-lsp-colors": "nvim-lsp-colors",
        "nvim-lspconfig": "nvim-lspconfig",
        "nvim-lspkind": "nvim-lspkind",
        "nvim-lualine": "nvim-lualine",
        "nvim-lualine-lsp-progress": "nvim-lualine-lsp-progress",
        "nvim-matchup": "nvim-matchup",
        "nvim-notify": "nvim-notify",
        "nvim-nui": "nvim-nui",
        "nvim-null-ls": "nvim-null-ls",
        "nvim-onedark": "nvim-onedark",
        "nvim-package-info": "nvim-package-info",
        "nvim-plenary": "nvim-plenary",
        "nvim-rust-tools": "nvim-rust-tools",
        "nvim-telescope": "nvim-telescope",
        "nvim-treesitter": "nvim-treesitter",
        "nvim-trouble": "nvim-trouble",
        "nvim-vsnip": "nvim-vsnip",
        "nvim-web-devicons": "nvim-web-devicons",
        "nvim-which-key": "nvim-which-key",
        "vim-dhall": "vim-dhall",
        "vim-haskell": "vim-haskell",
        "vim-js": "vim-js",
        "vim-json5": "vim-json5",
        "vim-jsx-pretty": "vim-jsx-pretty",
        "vim-nginx": "vim-nginx",
        "vim-purescript": "vim-purescript",
        "vim-rooter": "vim-rooter",
        "vim-rust": "vim-rust",
        "vim-sandwich": "vim-sandwich",
        "vim-tabular": "vim-tabular",
        "vim-toml": "vim-toml",
        "vim-typescript": "vim-typescript",
        "zsh-history-substring-search": "zsh-history-substring-search",
        "zsh-nix-shell": "zsh-nix-shell",
        "zsh-syntax-highlighting": "zsh-syntax-highlighting",
        "zsh-yarn-completions": "zsh-yarn-completions"
      }
    },
    "rust-analyzer-src": {
      "flake": false,
      "locked": {
        "lastModified": 1692701491,
        "narHash": "sha256-Lz5GXi/CImvcIXtpBpQ9jVI9Ni9eU/4xk36PvKmjwJM=",
        "owner": "rust-lang",
        "repo": "rust-analyzer",
        "rev": "9e3bf69ad3c736893b285f47f4d014ae1aed1cb0",
        "type": "github"
      },
      "original": {
        "owner": "rust-lang",
        "ref": "nightly",
        "repo": "rust-analyzer",
        "type": "github"
      }
    },
    "rust-overlay": {
      "inputs": {
        "flake-utils": [
          "agenix",
          "flake-utils"
        ],
        "nixpkgs": [
          "agenix",
          "nixpkgs"
        ]
      },
      "locked": {
        "lastModified": 1682129965,
        "narHash": "sha256-1KRPIorEL6pLpJR04FwAqqnt4Tzcm4MqD84yhlD+XSk=",
        "owner": "oxalica",
        "repo": "rust-overlay",
        "rev": "2c417c0460b788328220120c698630947547ee83",
        "type": "github"
      },
      "original": {
        "owner": "oxalica",
        "repo": "rust-overlay",
        "type": "github"
      }
    },
    "systems": {
      "locked": {
        "lastModified": 1681028828,
        "narHash": "sha256-Vy1rq5AaRuLzOxct8nz4T6wlgyUR7zLU309k9mBC768=",
        "owner": "nix-systems",
        "repo": "default",
        "rev": "da67096a3b9bf56a91d16901293e51ba5b49a27e",
        "type": "github"
      },
      "original": {
        "owner": "nix-systems",
        "repo": "default",
        "type": "github"
      }
    },
    "systems_2": {
      "locked": {
        "lastModified": 1681028828,
        "narHash": "sha256-Vy1rq5AaRuLzOxct8nz4T6wlgyUR7zLU309k9mBC768=",
        "owner": "nix-systems",
        "repo": "default",
        "rev": "da67096a3b9bf56a91d16901293e51ba5b49a27e",
        "type": "github"
      },
      "original": {
        "owner": "nix-systems",
        "repo": "default",
        "type": "github"
      }
    },
    "systems_3": {
      "locked": {
        "lastModified": 1681028828,
        "narHash": "sha256-Vy1rq5AaRuLzOxct8nz4T6wlgyUR7zLU309k9mBC768=",
        "owner": "nix-systems",
        "repo": "default",
        "rev": "da67096a3b9bf56a91d16901293e51ba5b49a27e",
        "type": "github"
      },
      "original": {
        "owner": "nix-systems",
        "repo": "default",
        "type": "github"
      }
    },
    "vim-dhall": {
      "flake": false,
      "locked": {
        "lastModified": 1622918822,
        "narHash": "sha256-HCMI41N7ntB0vE+ax06Vs8tEObJllAG326odzCZRllM=",
        "owner": "vmchale",
        "repo": "dhall-vim",
        "rev": "68500ef46ff3706f46c99db3be7a0c8abcf6a3ae",
        "type": "github"
      },
      "original": {
        "owner": "vmchale",
        "repo": "dhall-vim",
        "type": "github"
      }
    },
    "vim-haskell": {
      "flake": false,
      "locked": {
        "lastModified": 1611065650,
        "narHash": "sha256-4FvqwxaMu3Mznrmt4U5NZlmUAdUIiLpr9fW+kjdwcOA=",
        "owner": "neovimhaskell",
        "repo": "haskell-vim",
        "rev": "f35d02204b4813d1dbe8b0e98cc39701a4b8e15e",
        "type": "github"
      },
      "original": {
        "owner": "neovimhaskell",
        "repo": "haskell-vim",
        "type": "github"
      }
    },
    "vim-js": {
      "flake": false,
      "locked": {
        "lastModified": 1616931512,
        "narHash": "sha256-SjBnT5Dh1FlcN89cf9NFTYMCCMNatje9EisYiAvPZ4A=",
        "owner": "yuezk",
        "repo": "vim-js",
        "rev": "90f340d31907590fad059cd9aab03a55ab49e352",
        "type": "github"
      },
      "original": {
        "owner": "yuezk",
        "repo": "vim-js",
        "type": "github"
      }
    },
    "vim-json5": {
      "flake": false,
      "locked": {
        "lastModified": 1554096959,
        "narHash": "sha256-J/DyTQCoYNiklYp4PzUMDiwtyoqBwjfMIWGlkdNkqA4=",
        "owner": "gutenye",
        "repo": "json5.vim",
        "rev": "1e1718959b33b9af9406d0ebf61cfcd71e274385",
        "type": "github"
      },
      "original": {
        "owner": "gutenye",
        "repo": "json5.vim",
        "type": "github"
      }
    },
    "vim-jsx-pretty": {
      "flake": false,
      "locked": {
        "lastModified": 1610437872,
        "narHash": "sha256-6K75uLhqEyH325Wd/xN6JmCw/6vWGRBDKpiF5bY0p5k=",
        "owner": "maxmellon",
        "repo": "vim-jsx-pretty",
        "rev": "6989f1663cc03d7da72b5ef1c03f87e6ddb70b41",
        "type": "github"
      },
      "original": {
        "owner": "maxmellon",
        "repo": "vim-jsx-pretty",
        "type": "github"
      }
    },
    "vim-nginx": {
      "flake": false,
      "locked": {
        "lastModified": 1674647660,
        "narHash": "sha256-NfmNcxZe2gJfbfFaAvnEU9FoGxHiRW49WGHfuun7sIk=",
        "owner": "chr4",
        "repo": "nginx.vim",
        "rev": "8a42e93c9f004fbc5b32bb2e4940107fb7b70a42",
        "type": "github"
      },
      "original": {
        "owner": "chr4",
        "repo": "nginx.vim",
        "type": "github"
      }
    },
    "vim-purescript": {
      "flake": false,
      "locked": {
        "lastModified": 1675674661,
        "narHash": "sha256-IrPiiDghh5qdeaTM6M4oRzay+LvqL3sdoiM2m89O4pA=",
        "owner": "purescript-contrib",
        "repo": "purescript-vim",
        "rev": "82348352e6568fcc0385bd7c99a8ead3a479feea",
        "type": "github"
      },
      "original": {
        "owner": "purescript-contrib",
        "repo": "purescript-vim",
        "type": "github"
      }
    },
    "vim-rooter": {
      "flake": false,
      "locked": {
        "lastModified": 1673621824,
        "narHash": "sha256-2kPeDD5oUBWO0DZPALqMiY9D7lqaKBge0MwC1kNZPIs=",
        "owner": "airblade",
        "repo": "vim-rooter",
        "rev": "4f52ca556a0b9e257bf920658714470ea0320b7a",
        "type": "github"
      },
      "original": {
        "owner": "airblade",
        "repo": "vim-rooter",
        "type": "github"
      }
    },
    "vim-rust": {
      "flake": false,
      "locked": {
        "lastModified": 1669559182,
        "narHash": "sha256-70kp644jOtJ4wguty/SUFX+YEsoxW12LGg3vZh7BdPY=",
        "owner": "rust-lang",
        "repo": "rust.vim",
        "rev": "889b9a7515db477f4cb6808bef1769e53493c578",
        "type": "github"
      },
      "original": {
        "owner": "rust-lang",
        "repo": "rust.vim",
        "type": "github"
      }
    },
    "vim-sandwich": {
      "flake": false,
      "locked": {
        "lastModified": 1670425625,
        "narHash": "sha256-pV46YbLr4nr4kRGEKQbPBPDtN/NsKqwatw2lgU+NOaw=",
        "owner": "machakann",
        "repo": "vim-sandwich",
        "rev": "c5a2cc438ce6ea2005c556dc833732aa53cae21a",
        "type": "github"
      },
      "original": {
        "owner": "machakann",
        "repo": "vim-sandwich",
        "type": "github"
      }
    },
    "vim-tabular": {
      "flake": false,
      "locked": {
        "lastModified": 1550598128,
        "narHash": "sha256-irolBA/m3YIaezl+90h5G+xUOpad+3u44uJqDs4JCUs=",
        "owner": "godlygeek",
        "repo": "tabular",
        "rev": "339091ac4dd1f17e225fe7d57b48aff55f99b23a",
        "type": "github"
      },
      "original": {
        "owner": "godlygeek",
        "repo": "tabular",
        "type": "github"
      }
    },
    "vim-toml": {
      "flake": false,
      "locked": {
        "lastModified": 1664059576,
        "narHash": "sha256-eJiq+6lTinDZCJFNbaKYIpgnn0NAhVwOuVoPNUTzqBI=",
        "owner": "cespare",
        "repo": "vim-toml",
        "rev": "d36caa6b1cf508a4df1c691f915572fc02143258",
        "type": "github"
      },
      "original": {
        "owner": "cespare",
        "repo": "vim-toml",
        "type": "github"
      }
    },
    "vim-typescript": {
      "flake": false,
      "locked": {
        "lastModified": 1691854628,
        "narHash": "sha256-tJkZ7iOJpcH2aae/xF38RWHIvFv+7ODIFVVopm67G3g=",
        "owner": "herringtondarkholme",
        "repo": "yats.vim",
        "rev": "8878bdd7fc01eec647267d4433a763474b6a5db4",
        "type": "github"
      },
      "original": {
        "owner": "herringtondarkholme",
        "repo": "yats.vim",
        "type": "github"
      }
    },
    "zsh-history-substring-search": {
      "flake": false,
      "locked": {
        "lastModified": 1672773944,
        "narHash": "sha256-GSEvgvgWi1rrsgikTzDXokHTROoyPRlU0FVpAoEmXG4=",
        "owner": "zsh-users",
        "repo": "zsh-history-substring-search",
        "rev": "400e58a87f72ecec14f783fbd29bc6be4ff1641c",
        "type": "github"
      },
      "original": {
        "owner": "zsh-users",
        "repo": "zsh-history-substring-search",
        "type": "github"
      }
    },
    "zsh-nix-shell": {
      "flake": false,
      "locked": {
        "lastModified": 1685391852,
        "narHash": "sha256-SrGvHsAJCxzi69CKNKKvItYUaAP7CKwRntsprVHBs4Y=",
        "owner": "chisui",
        "repo": "zsh-nix-shell",
        "rev": "227d284ab2dc2f5153826974e0094a1990b1b5b9",
        "type": "github"
      },
      "original": {
        "owner": "chisui",
        "repo": "zsh-nix-shell",
        "type": "github"
      }
    },
    "zsh-syntax-highlighting": {
      "flake": false,
      "locked": {
        "lastModified": 1685766260,
        "narHash": "sha256-iKx7lsQCoSAbpANYFkNVCZlTFdwOEI34rx/h1rnraSg=",
        "owner": "zsh-users",
        "repo": "zsh-syntax-highlighting",
        "rev": "1386f1213eb0b0589d73cd3cf7c56e6a972a9bfd",
        "type": "github"
      },
      "original": {
        "owner": "zsh-users",
        "repo": "zsh-syntax-highlighting",
        "type": "github"
      }
    },
    "zsh-yarn-completions": {
      "flake": false,
      "locked": {
        "lastModified": 1634059193,
        "narHash": "sha256-S8NPSI0ItL/AmU+O8/KYqhv5HZ+F1j8Tg3sqOSEzXok=",
        "owner": "chrisands",
        "repo": "zsh-yarn-completions",
        "rev": "1ddb8ea6209b7c4a55b9accaea5460bec27ec8a7",
        "type": "github"
      },
      "original": {
        "owner": "chrisands",
        "repo": "zsh-yarn-completions",
        "type": "github"
      }
    }
  },
  "root": "root",
  "version": 7
}
