{
  "nodes": {
    "HTTP": {
      "flake": false,
      "locked": {
        "lastModified": 1451647621,
        "narHash": "sha256-oHIyw3x0iKBexEo49YeUDV1k74ZtyYKGR2gNJXXRxts=",
        "owner": "phadej",
        "repo": "HTTP",
        "rev": "9bc0996d412fef1787449d841277ef663ad9a915",
        "type": "github"
      },
      "original": {
        "owner": "phadej",
        "repo": "HTTP",
        "type": "github"
      }
    },
    "base16-shell": {
      "flake": false,
      "locked": {
        "lastModified": 1560619632,
        "narHash": "sha256-OMhC6paqEOQUnxyb33u0kfKpy8plLSRgp8X8T8w0Q/o=",
        "owner": "chriskempson",
        "repo": "base16-shell",
        "rev": "ce8e1e540367ea83cc3e01eec7b2a11783b3f9e1",
        "type": "github"
      },
      "original": {
        "owner": "chriskempson",
        "repo": "base16-shell",
        "type": "github"
      }
    },
    "cabal-32": {
      "flake": false,
      "locked": {
        "lastModified": 1603716527,
        "narHash": "sha256-sDbrmur9Zfp4mPKohCD8IDZfXJ0Tjxpmr2R+kg5PpSY=",
        "owner": "haskell",
        "repo": "cabal",
        "rev": "94aaa8e4720081f9c75497e2735b90f6a819b08e",
        "type": "github"
      },
      "original": {
        "owner": "haskell",
        "ref": "3.2",
        "repo": "cabal",
        "type": "github"
      }
    },
    "cabal-34": {
      "flake": false,
      "locked": {
        "lastModified": 1622475795,
        "narHash": "sha256-chwTL304Cav+7p38d9mcb+egABWmxo2Aq+xgVBgEb/U=",
        "owner": "haskell",
        "repo": "cabal",
        "rev": "b086c1995cdd616fc8d91f46a21e905cc50a1049",
        "type": "github"
      },
      "original": {
        "owner": "haskell",
        "ref": "3.4",
        "repo": "cabal",
        "type": "github"
      }
    },
    "cardano-shell": {
      "flake": false,
      "locked": {
        "lastModified": 1608537748,
        "narHash": "sha256-PulY1GfiMgKVnBci3ex4ptk2UNYMXqGjJOxcPy2KYT4=",
        "owner": "input-output-hk",
        "repo": "cardano-shell",
        "rev": "9392c75087cb9a3d453998f4230930dea3a95725",
        "type": "github"
      },
      "original": {
        "owner": "input-output-hk",
        "repo": "cardano-shell",
        "type": "github"
      }
    },
    "darwin": {
      "inputs": {
        "nixpkgs": [
          "nixpkgs"
        ]
      },
      "locked": {
        "lastModified": 1631730143,
        "narHash": "sha256-A8PaUyZu5WVp+IojG5q+39rjf5x57OFDYmVoDFPZLlY=",
        "owner": "LnL7",
        "repo": "nix-darwin",
        "rev": "e1a3f7292f085fd588d11f94ed0f47968c16df0c",
        "type": "github"
      },
      "original": {
        "owner": "LnL7",
        "ref": "master",
        "repo": "nix-darwin",
        "type": "github"
      }
    },
    "fast-syntax-highlighting": {
      "flake": false,
      "locked": {
        "lastModified": 1621022231,
        "narHash": "sha256-rHdOnA0Y/i/ISDlriGrGDXr5rD2nZ4T7iuG7PFUVIFQ=",
        "owner": "zdharma",
        "repo": "fast-syntax-highlighting",
        "rev": "817916dfa907d179f0d46d8de355e883cf67bd97",
        "type": "github"
      },
      "original": {
        "owner": "zdharma",
        "repo": "fast-syntax-highlighting",
        "type": "github"
      }
    },
    "fenix": {
      "inputs": {
        "nixpkgs": [
          "nixpkgs"
        ],
        "rust-analyzer-src": "rust-analyzer-src"
      },
      "locked": {
        "lastModified": 1633919568,
        "narHash": "sha256-QBGPNbvrVaK2bLOijw7YJ1XXsFhSxQLiTiT2c14yTvg=",
        "owner": "nix-community",
        "repo": "fenix",
        "rev": "61a092301e33d11605c23eb983af10104d72ef8b",
        "type": "github"
      },
      "original": {
        "owner": "nix-community",
        "repo": "fenix",
        "type": "github"
      }
    },
    "flake-compat": {
      "flake": false,
      "locked": {
        "lastModified": 1627913399,
        "narHash": "sha256-hY8g6H2KFL8ownSiFeMOjwPC8P0ueXpCVEbxgda3pko=",
        "owner": "edolstra",
        "repo": "flake-compat",
        "rev": "12c64ca55c1014cdc1b16ed5a804aa8576601ff2",
        "type": "github"
      },
      "original": {
        "owner": "edolstra",
        "repo": "flake-compat",
        "type": "github"
      }
    },
    "flake-compat_2": {
      "flake": false,
      "locked": {
        "lastModified": 1627913399,
        "narHash": "sha256-hY8g6H2KFL8ownSiFeMOjwPC8P0ueXpCVEbxgda3pko=",
        "owner": "edolstra",
        "repo": "flake-compat",
        "rev": "12c64ca55c1014cdc1b16ed5a804aa8576601ff2",
        "type": "github"
      },
      "original": {
        "owner": "edolstra",
        "repo": "flake-compat",
        "type": "github"
      }
    },
    "flake-utils": {
      "locked": {
        "lastModified": 1631561581,
        "narHash": "sha256-3VQMV5zvxaVLvqqUrNz3iJelLw30mIVSfZmAaauM3dA=",
        "owner": "numtide",
        "repo": "flake-utils",
        "rev": "7e5bf3925f6fbdfaf50a2a7ca0be2879c4261d19",
        "type": "github"
      },
      "original": {
        "owner": "numtide",
        "repo": "flake-utils",
        "type": "github"
      }
    },
    "flake-utils_2": {
      "locked": {
        "lastModified": 1623875721,
        "narHash": "sha256-A8BU7bjS5GirpAUv4QA+QnJ4CceLHkcXdRp4xITDB0s=",
        "owner": "numtide",
        "repo": "flake-utils",
        "rev": "f7e004a55b120c02ecb6219596820fcd32ca8772",
        "type": "github"
      },
      "original": {
        "owner": "numtide",
        "repo": "flake-utils",
        "type": "github"
      }
    },
    "flake-utils_3": {
      "locked": {
        "lastModified": 1631561581,
        "narHash": "sha256-3VQMV5zvxaVLvqqUrNz3iJelLw30mIVSfZmAaauM3dA=",
        "owner": "numtide",
        "repo": "flake-utils",
        "rev": "7e5bf3925f6fbdfaf50a2a7ca0be2879c4261d19",
        "type": "github"
      },
      "original": {
        "owner": "numtide",
        "repo": "flake-utils",
        "type": "github"
      }
    },
    "ghc-8.6.5-iohk": {
      "flake": false,
      "locked": {
        "lastModified": 1600920045,
        "narHash": "sha256-DO6kxJz248djebZLpSzTGD6s8WRpNI9BTwUeOf5RwY8=",
        "owner": "input-output-hk",
        "repo": "ghc",
        "rev": "95713a6ecce4551240da7c96b6176f980af75cae",
        "type": "github"
      },
      "original": {
        "owner": "input-output-hk",
        "ref": "release/8.6.5-iohk",
        "repo": "ghc",
        "type": "github"
      }
    },
    "hackage": {
      "flake": false,
      "locked": {
        "lastModified": 1633845045,
        "narHash": "sha256-CjZZDVWr5QwtGRbNGp46FzuvZbH81xsJBLV8YnDAEJM=",
        "owner": "miuirussia",
        "repo": "hackage.nix",
        "rev": "d1eb7dce232ab5a618c5638bb48133ffd2ebdc44",
        "type": "github"
      },
      "original": {
        "owner": "miuirussia",
        "repo": "hackage.nix",
        "type": "github"
      }
    },
    "haskell-nix": {
      "inputs": {
        "HTTP": "HTTP",
        "cabal-32": "cabal-32",
        "cabal-34": "cabal-34",
        "cardano-shell": "cardano-shell",
        "flake-utils": "flake-utils_2",
        "ghc-8.6.5-iohk": "ghc-8.6.5-iohk",
        "hackage": [
          "hackage"
        ],
        "hpc-coveralls": "hpc-coveralls",
        "nix-tools": "nix-tools",
        "nixpkgs": [
          "nixpkgs"
        ],
        "nixpkgs-2003": "nixpkgs-2003",
        "nixpkgs-2009": "nixpkgs-2009",
        "nixpkgs-2105": "nixpkgs-2105",
        "nixpkgs-unstable": "nixpkgs-unstable",
        "old-ghc-nix": "old-ghc-nix",
        "stackage": [
          "stackage"
        ]
      },
      "locked": {
        "lastModified": 1633922481,
        "narHash": "sha256-Ee9S11NyZPkIg8Q7Bzu2G8wGLPAY0fa06s1i0+57SH0=",
        "owner": "input-output-hk",
        "repo": "haskell.nix",
        "rev": "9abb33be43405a9c14ce1734eab99db0c0f4639f",
        "type": "github"
      },
      "original": {
        "owner": "input-output-hk",
        "repo": "haskell.nix",
        "type": "github"
      }
    },
    "hls-nix": {
      "inputs": {
        "flake-compat": "flake-compat_2",
        "flake-utils": "flake-utils_3",
        "hackage": [
          "hackage"
        ],
        "haskell-nix": [
          "haskell-nix"
        ],
        "hls-stable": "hls-stable",
        "hls-unstable": "hls-unstable",
        "nix-project": "nix-project",
        "nixpkgs": [
          "nixpkgs"
        ],
        "stackage": [
          "stackage"
        ]
      },
      "locked": {
        "lastModified": 1633924731,
        "narHash": "sha256-oReukT+8M6hBFZUKHqyUjNt0ZnCzR00JDkv7uLZthns=",
        "owner": "miuirussia",
        "repo": "hls-nix",
        "rev": "1e24d604888eb628b12fa4c43efdcf8cb1012b83",
        "type": "github"
      },
      "original": {
        "owner": "miuirussia",
        "repo": "hls-nix",
        "type": "github"
      }
    },
    "hls-stable": {
      "flake": false,
      "locked": {
        "lastModified": 1605076560,
        "narHash": "sha256-AYeFitkJOcs2PACc1me9p8j+lJ3rlGsVdS/v16EGV9w=",
        "owner": "haskell",
        "repo": "haskell-language-server",
        "rev": "372a12e797069dc3ac4fa33dcaabe3b992999d7c",
        "type": "github"
      },
      "original": {
        "owner": "haskell",
        "ref": "0.6.0",
        "repo": "haskell-language-server",
        "type": "github"
      }
    },
    "hls-unstable": {
      "flake": false,
      "locked": {
        "lastModified": 1633827357,
        "narHash": "sha256-TjTkSYMjce1ejPVvidnFWluxij6LGZV5TSmx2IQPYX4=",
        "owner": "haskell",
        "repo": "haskell-language-server",
        "rev": "195fa4c0fff2fcc0c0001b28216b36a890629cd2",
        "type": "github"
      },
      "original": {
        "owner": "haskell",
        "repo": "haskell-language-server",
        "type": "github"
      }
    },
    "home-manager": {
      "inputs": {
        "nixpkgs": [
          "nixpkgs"
        ]
      },
      "locked": {
        "lastModified": 1633733120,
        "narHash": "sha256-IdUgCn7eud2he4LWZpzFPf1D2u+mjZC09mvo3oSNoss=",
        "owner": "nix-community",
        "repo": "home-manager",
        "rev": "32285d8fe64138a41f1caed23d94f28529ea4eb4",
        "type": "github"
      },
      "original": {
        "owner": "nix-community",
        "repo": "home-manager",
        "type": "github"
      }
    },
    "hpc-coveralls": {
      "flake": false,
      "locked": {
        "lastModified": 1607498076,
        "narHash": "sha256-8uqsEtivphgZWYeUo5RDUhp6bO9j2vaaProQxHBltQk=",
        "owner": "sevanspowell",
        "repo": "hpc-coveralls",
        "rev": "14df0f7d229f4cd2e79f8eabb1a740097fdfa430",
        "type": "github"
      },
      "original": {
        "owner": "sevanspowell",
        "repo": "hpc-coveralls",
        "type": "github"
      }
    },
    "jetbrains-mono": {
      "flake": false,
      "locked": {
        "lastModified": 1633084063,
        "narHash": "sha256-vDh1/TM2ccvWg1i6TcYsAcmh51qlZR8ld3y/3aeCe6A=",
        "owner": "JetBrains",
        "repo": "JetBrainsMono",
        "rev": "376d930416f37df9353cdddaeb16646bdc3e4ef1",
        "type": "github"
      },
      "original": {
        "owner": "JetBrains",
        "repo": "JetBrainsMono",
        "type": "github"
      }
    },
    "lowdown-src": {
      "flake": false,
      "locked": {
        "lastModified": 1633514407,
        "narHash": "sha256-Dw32tiMjdK9t3ETl5fzGrutQTzh2rufgZV4A/BbxuD4=",
        "owner": "kristapsdz",
        "repo": "lowdown",
        "rev": "d2c2b44ff6c27b936ec27358a2653caaef8f73b8",
        "type": "github"
      },
      "original": {
        "owner": "kristapsdz",
        "repo": "lowdown",
        "type": "github"
      }
    },
    "neovim": {
      "flake": false,
      "locked": {
        "lastModified": 1633898904,
        "narHash": "sha256-o2AyF4n/5WFlTg8Z4kf7b/lVzKtRxgUtASnaICs8u1c=",
        "owner": "neovim",
        "repo": "neovim",
        "rev": "b3e0d6708eca3cd22695d364ba2aca7401cc0f8c",
        "type": "github"
      },
      "original": {
        "owner": "neovim",
        "repo": "neovim",
        "type": "github"
      }
    },
    "nix-project": {
      "flake": false,
      "locked": {
        "lastModified": 1632290397,
        "narHash": "sha256-ZJ4bUnVt0SVtOs9XeliGHSF2fvM6oMLMq6LHx1pHP+U=",
        "owner": "shajra",
        "repo": "nix-project",
        "rev": "b3acc2c6d13c8887bce7284684e44d937a2db7c5",
        "type": "github"
      },
      "original": {
        "owner": "shajra",
        "repo": "nix-project",
        "type": "github"
      }
    },
    "nix-tools": {
      "flake": false,
      "locked": {
        "lastModified": 1627889534,
        "narHash": "sha256-9eEbK2nrRp6rYGQoBv6LO9IA/ANZpofwAkxMuGBD45Y=",
        "owner": "input-output-hk",
        "repo": "nix-tools",
        "rev": "15d2e4b61cb63ff351f3c490c12c4d89eafd31a1",
        "type": "github"
      },
      "original": {
        "owner": "input-output-hk",
        "repo": "nix-tools",
        "type": "github"
      }
    },
    "nixUnstable": {
      "inputs": {
        "lowdown-src": "lowdown-src",
        "nixpkgs": [
          "nixpkgs"
        ]
      },
      "locked": {
        "lastModified": 1633675287,
        "narHash": "sha256-4DH0KG9Q/Y9+51zyvmrV2BGk7319NB4jns4Xg3jGnnw=",
        "owner": "NixOS",
        "repo": "nix",
        "rev": "6bd74a6beaabcf8fe73d2d48894f9870648e0eb1",
        "type": "github"
      },
      "original": {
        "owner": "NixOS",
        "repo": "nix",
        "rev": "6bd74a6beaabcf8fe73d2d48894f9870648e0eb1",
        "type": "github"
      }
    },
    "nixpkgs": {
      "locked": {
        "lastModified": 1633289762,
        "narHash": "sha256-Qtc6MlO9AdVZRapX6DQtZMevJhHcGf8X7wwL7RS0WJ8=",
        "owner": "miuirussia",
        "repo": "nixpkgs",
        "rev": "b77b75a03b089f0783f20810d0361197382efac8",
        "type": "github"
      },
      "original": {
        "owner": "miuirussia",
        "ref": "nixpkgs-unstable",
        "repo": "nixpkgs",
        "type": "github"
      }
    },
    "nixpkgs-2003": {
      "locked": {
        "lastModified": 1620055814,
        "narHash": "sha256-8LEHoYSJiL901bTMVatq+rf8y7QtWuZhwwpKE2fyaRY=",
        "owner": "NixOS",
        "repo": "nixpkgs",
        "rev": "1db42b7fe3878f3f5f7a4f2dc210772fd080e205",
        "type": "github"
      },
      "original": {
        "owner": "NixOS",
        "ref": "nixpkgs-20.03-darwin",
        "repo": "nixpkgs",
        "type": "github"
      }
    },
    "nixpkgs-2009": {
      "locked": {
        "lastModified": 1624271064,
        "narHash": "sha256-qns/uRW7MR2EfVf6VEeLgCsCp7pIOjDeR44JzTF09MA=",
        "owner": "NixOS",
        "repo": "nixpkgs",
        "rev": "46d1c3f28ca991601a53e9a14fdd53fcd3dd8416",
        "type": "github"
      },
      "original": {
        "owner": "NixOS",
        "ref": "nixpkgs-20.09-darwin",
        "repo": "nixpkgs",
        "type": "github"
      }
    },
    "nixpkgs-2105": {
      "locked": {
        "lastModified": 1630481079,
        "narHash": "sha256-leWXLchbAbqOlLT6tju631G40SzQWPqaAXQG3zH1Imw=",
        "owner": "NixOS",
        "repo": "nixpkgs",
        "rev": "110a2c9ebbf5d4a94486854f18a37a938cfacbbb",
        "type": "github"
      },
      "original": {
        "owner": "NixOS",
        "ref": "nixpkgs-21.05-darwin",
        "repo": "nixpkgs",
        "type": "github"
      }
    },
    "nixpkgs-unstable": {
      "locked": {
        "lastModified": 1628785280,
        "narHash": "sha256-2B5eMrEr6O8ff2aQNeVxTB+9WrGE80OB4+oM6T7fOcc=",
        "owner": "NixOS",
        "repo": "nixpkgs",
        "rev": "6525bbc06a39f26750ad8ee0d40000ddfdc24acb",
        "type": "github"
      },
      "original": {
        "owner": "NixOS",
        "ref": "nixpkgs-unstable",
        "repo": "nixpkgs",
        "type": "github"
      }
    },
    "nvim-actionmenu": {
      "flake": false,
      "locked": {
        "lastModified": 1633280037,
        "narHash": "sha256-BicnSUrjld1ET0uns+VGr6dNcdBIPEr2qjWQ0XoDtIs=",
        "owner": "weilbith",
        "repo": "nvim-code-action-menu",
        "rev": "7361b5637930999d01b93b6ab4c45b784fa0618a",
        "type": "github"
      },
      "original": {
        "owner": "weilbith",
        "repo": "nvim-code-action-menu",
        "type": "github"
      }
    },
    "nvim-base16": {
      "flake": false,
      "locked": {
        "lastModified": 1633188578,
        "narHash": "sha256-AivvDLcKYdJp8j+sn1R5BiSxUtB/y2SPQrdZzTi9U40=",
        "owner": "RRethy",
        "repo": "nvim-base16",
        "rev": "dc4fad8f5f3d6f4ae3f58a6917fbb89cd84f82b2",
        "type": "github"
      },
      "original": {
        "owner": "RRethy",
        "repo": "nvim-base16",
        "type": "github"
      }
    },
    "nvim-bufferline": {
      "flake": false,
      "locked": {
        "lastModified": 1632848501,
        "narHash": "sha256-0uRSY8VlCpqWN7ByPvIfZxsSpxrauW4+nCCtKliicy8=",
        "owner": "akinsho",
        "repo": "bufferline.nvim",
        "rev": "5fb90051aa17a840b0bcdbff0055ea83d6ad9f59",
        "type": "github"
      },
      "original": {
        "owner": "akinsho",
        "repo": "bufferline.nvim",
        "type": "github"
      }
    },
    "nvim-cmp": {
      "flake": false,
      "locked": {
        "lastModified": 1633922149,
        "narHash": "sha256-VQ+RBRZy0iZ90Wo5/8vmAzV/GowHj68ZWYC0kzWI7S8=",
        "owner": "hrsh7th",
        "repo": "nvim-cmp",
        "rev": "071c08fcc9ba04ac779fba2353f90626b05c4ebe",
        "type": "github"
      },
      "original": {
        "owner": "hrsh7th",
        "repo": "nvim-cmp",
        "type": "github"
      }
    },
    "nvim-cmp-buffer": {
      "flake": false,
      "locked": {
        "lastModified": 1630563990,
        "narHash": "sha256-lLP6gnuSN/tJiJ1sb2u6Xm5G2P59pz6tnOGDRfbivjk=",
        "owner": "hrsh7th",
        "repo": "cmp-buffer",
        "rev": "5dde5430757696be4169ad409210cf5088554ed6",
        "type": "github"
      },
      "original": {
        "owner": "hrsh7th",
        "repo": "cmp-buffer",
        "type": "github"
      }
    },
    "nvim-cmp-lsp": {
      "flake": false,
      "locked": {
        "lastModified": 1633004104,
        "narHash": "sha256-vfL4OXpufc3lN3SGJsV1T4xOa5wyn05GdYRSms6VpAs=",
        "owner": "hrsh7th",
        "repo": "cmp-nvim-lsp",
        "rev": "f93a6cf9761b096ff2c28a4f0defe941a6ffffb5",
        "type": "github"
      },
      "original": {
        "owner": "hrsh7th",
        "repo": "cmp-nvim-lsp",
        "type": "github"
      }
    },
    "nvim-cmp-path": {
      "flake": false,
      "locked": {
        "lastModified": 1633519383,
        "narHash": "sha256-x6sf8NexzYMaRqo1Mh8IkY35pcvmx144J31XaJWt/FQ=",
        "owner": "hrsh7th",
        "repo": "cmp-path",
        "rev": "8d88c92dd5a202a996b4caac7284e4ea2f086765",
        "type": "github"
      },
      "original": {
        "owner": "hrsh7th",
        "repo": "cmp-path",
        "type": "github"
      }
    },
    "nvim-cmp-vsnip": {
      "flake": false,
      "locked": {
        "lastModified": 1629873547,
        "narHash": "sha256-XKkR5wxSCF5E4ZEUrwodSBmyEPmjYdRbxIuN0o4Df2A=",
        "owner": "hrsh7th",
        "repo": "cmp-vsnip",
        "rev": "1588c35bf8f637e8f5287477f31895781858f970",
        "type": "github"
      },
      "original": {
        "owner": "hrsh7th",
        "repo": "cmp-vsnip",
        "type": "github"
      }
    },
    "nvim-crates": {
      "flake": false,
      "locked": {
        "lastModified": 1633349312,
        "narHash": "sha256-+V+3Uv8KKRUlaUP9GbCiklXIauru+Y7b7k6xIkpELUE=",
        "owner": "saecki",
        "repo": "crates.nvim",
        "rev": "ab2c491a941dda7fcec50fe58f472c024fac96e9",
        "type": "github"
      },
      "original": {
        "owner": "saecki",
        "repo": "crates.nvim",
        "type": "github"
      }
    },
    "nvim-dap": {
      "flake": false,
      "locked": {
        "lastModified": 1633713702,
        "narHash": "sha256-YreL+jn8vsi8r8tD4ao7qPaVY/aNrSWpmDEtB+JT7l0=",
        "owner": "mfussenegger",
        "repo": "nvim-dap",
        "rev": "385ede69635f5b2eaf48a36d6a4caba6794e508a",
        "type": "github"
      },
      "original": {
        "owner": "mfussenegger",
        "repo": "nvim-dap",
        "type": "github"
      }
    },
    "nvim-gitsigns": {
      "flake": false,
      "locked": {
        "lastModified": 1633366138,
        "narHash": "sha256-OvYg6Fa4HlYI29Q8CX6yU/5HMbT3H6BMMSlVZdQV6mA=",
        "owner": "lewis6991",
        "repo": "gitsigns.nvim",
        "rev": "ceb2dcb23f569ce337deb1b1ce7d4a51434cec32",
        "type": "github"
      },
      "original": {
        "owner": "lewis6991",
        "repo": "gitsigns.nvim",
        "type": "github"
      }
    },
    "nvim-gps": {
      "flake": false,
      "locked": {
        "lastModified": 1633512029,
        "narHash": "sha256-wj2+wCFGq8rD4CNlFlEzuHUkZwbgGjkXZMK+Fg5NSq0=",
        "owner": "SmiteshP",
        "repo": "nvim-gps",
        "rev": "449dc8b5b34d54504d8331b9fa7eee95520400cc",
        "type": "github"
      },
      "original": {
        "owner": "SmiteshP",
        "repo": "nvim-gps",
        "type": "github"
      }
    },
    "nvim-impatient": {
      "flake": false,
      "locked": {
        "lastModified": 1632911090,
        "narHash": "sha256-poZAzULHDrR8Exy3q081hg4M0UUcev9bd4XVAoc53Qc=",
        "owner": "lewis6991",
        "repo": "impatient.nvim",
        "rev": "561b86e5602def047010d451c3e7977a65982788",
        "type": "github"
      },
      "original": {
        "owner": "lewis6991",
        "repo": "impatient.nvim",
        "type": "github"
      }
    },
    "nvim-lightbulb": {
      "flake": false,
      "locked": {
        "lastModified": 1633390954,
        "narHash": "sha256-KPNL5Js32N/w1NBjPFYAVxeWpFwZnQ17uvAlbvAO8dw=",
        "owner": "kosayoda",
        "repo": "nvim-lightbulb",
        "rev": "fb7fa4adf6c6464784e248b3a12e6ca0b3f4855a",
        "type": "github"
      },
      "original": {
        "owner": "kosayoda",
        "repo": "nvim-lightbulb",
        "type": "github"
      }
    },
    "nvim-lsp-colors": {
      "flake": false,
      "locked": {
        "lastModified": 1619764948,
        "narHash": "sha256-Uao1qxTKc5gHKs0CYbYkOne0yZ8B/dpjLGrmpcqaQeE=",
        "owner": "folke",
        "repo": "lsp-colors.nvim",
        "rev": "00b40add53f2f6bd249932d0c0cd25a42ce7a2fc",
        "type": "github"
      },
      "original": {
        "owner": "folke",
        "repo": "lsp-colors.nvim",
        "type": "github"
      }
    },
    "nvim-lspconfig": {
      "flake": false,
      "locked": {
        "lastModified": 1633801261,
        "narHash": "sha256-2CdCKN0kGCd/Ax2dcFRi0tqAO8P/rNEmA9KVaqsdd4Q=",
        "owner": "neovim",
        "repo": "nvim-lspconfig",
        "rev": "e609a702eaf2d6bfb1e0fe8c44a5bf84436fb5a6",
        "type": "github"
      },
      "original": {
        "owner": "neovim",
        "repo": "nvim-lspconfig",
        "type": "github"
      }
    },
    "nvim-lspkind": {
      "flake": false,
      "locked": {
        "lastModified": 1633635319,
        "narHash": "sha256-uqSOt7B4LAJlCLsqBmutjMYEnlFLqXoa0Ct9p3k/5Rk=",
        "owner": "onsails",
        "repo": "lspkind-nvim",
        "rev": "521e4f9217d9bcc388daf184be8b168233e8aeed",
        "type": "github"
      },
      "original": {
        "owner": "onsails",
        "repo": "lspkind-nvim",
        "type": "github"
      }
    },
    "nvim-lspstatus": {
      "flake": false,
      "locked": {
        "lastModified": 1631735121,
        "narHash": "sha256-otDFYc9Sl1OYmkrWFCzgAG0XkXyvR/ebRe2zAOwQ1IA=",
        "owner": "nvim-lua",
        "repo": "lsp-status.nvim",
        "rev": "e8e5303f9ee3d8dc327c97891eaa1257ba5d4eee",
        "type": "github"
      },
      "original": {
        "owner": "nvim-lua",
        "repo": "lsp-status.nvim",
        "type": "github"
      }
    },
    "nvim-lualine": {
      "flake": false,
      "locked": {
        "lastModified": 1633833830,
        "narHash": "sha256-zRkss4vAU0hEuGIHqbRCM+mN9AZ9sj+6CfGQTnJnnvA=",
        "owner": "shadmansaleh",
        "repo": "lualine.nvim",
        "rev": "a564019d95c07716a887289d68cd7a1130b1dbf3",
        "type": "github"
      },
      "original": {
        "owner": "shadmansaleh",
        "repo": "lualine.nvim",
        "type": "github"
      }
    },
    "nvim-matchup": {
      "flake": false,
      "locked": {
        "lastModified": 1633916207,
        "narHash": "sha256-hJR17vwCcRx7yHOuefYkYwb3K196orwd4BWhqP7RU6c=",
        "owner": "andymass",
        "repo": "vim-matchup",
        "rev": "d0a84be64812f20d92fcd573980f0bc86e7c9bf5",
        "type": "github"
      },
      "original": {
        "owner": "andymass",
        "repo": "vim-matchup",
        "type": "github"
      }
    },
    "nvim-notify": {
      "flake": false,
      "locked": {
        "lastModified": 1633852851,
        "narHash": "sha256-25eMAkYN0NSDKTNt3OxJFpEjQhJ7Db7jB24pbEkvWtE=",
        "owner": "rcarriga",
        "repo": "nvim-notify",
        "rev": "f3eb97c099ddf14b16710a6f17a68d2baf82927f",
        "type": "github"
      },
      "original": {
        "owner": "rcarriga",
        "repo": "nvim-notify",
        "type": "github"
      }
    },
    "nvim-nui": {
      "flake": false,
      "locked": {
        "lastModified": 1632242513,
        "narHash": "sha256-4O3e/G7/gTRdOkEPtdvU9+Zg3jVKr8Z7wqnIt/bLXnk=",
        "owner": "MunifTanjim",
        "repo": "nui.nvim",
        "rev": "426289045eb59a8083bda34750bc3ffcc1094bad",
        "type": "github"
      },
      "original": {
        "owner": "MunifTanjim",
        "repo": "nui.nvim",
        "type": "github"
      }
    },
    "nvim-null-ls": {
      "flake": false,
      "locked": {
        "lastModified": 1633834750,
        "narHash": "sha256-YOty7CfIJMfFJseveOB2CNPiSnMsqjLQApl+GYgp+fk=",
        "owner": "jose-elias-alvarez",
        "repo": "null-ls.nvim",
        "rev": "01bb7be2a576003b4f7d23aa3561c5cc65c6b47b",
        "type": "github"
      },
      "original": {
        "owner": "jose-elias-alvarez",
        "repo": "null-ls.nvim",
        "type": "github"
      }
    },
    "nvim-package-info": {
      "flake": false,
      "locked": {
        "lastModified": 1632264220,
        "narHash": "sha256-6y/2XfFMl4qDbPBFb+vqwKoxJkNNrAEkL/wdXguEbVA=",
        "owner": "vuki656",
        "repo": "package-info.nvim",
        "rev": "e4c4b81ea41f6bd0dd4df437488f33c6a1aebe50",
        "type": "github"
      },
      "original": {
        "owner": "vuki656",
        "repo": "package-info.nvim",
        "type": "github"
      }
    },
    "nvim-plenary": {
      "flake": false,
      "locked": {
        "lastModified": 1633540808,
        "narHash": "sha256-NdrYFwIyLKRITNgSCQVTLupq7ZTKHC/USamSy/plU4U=",
        "owner": "nvim-lua",
        "repo": "plenary.nvim",
        "rev": "80bb2b9bb74bdca38a46480b6f2e15af990406e4",
        "type": "github"
      },
      "original": {
        "owner": "nvim-lua",
        "repo": "plenary.nvim",
        "type": "github"
      }
    },
    "nvim-rust-tools": {
      "flake": false,
      "locked": {
        "lastModified": 1633556322,
        "narHash": "sha256-rxDXreFhs0eL1KtFO+q7stNXHsvDaVdHNO0t262aCBQ=",
        "owner": "simrat39",
        "repo": "rust-tools.nvim",
        "rev": "4a9c749bee7956cd54322ed04749bb7be329eddd",
        "type": "github"
      },
      "original": {
        "owner": "simrat39",
        "repo": "rust-tools.nvim",
        "type": "github"
      }
    },
    "nvim-telescope": {
      "flake": false,
      "locked": {
        "lastModified": 1633786808,
        "narHash": "sha256-cKfdOlFcTe7+IMh+Py8+omP4BpBbqMojqawijUKpY+Q=",
        "owner": "nvim-telescope",
        "repo": "telescope.nvim",
        "rev": "ba41f0eeb13796c26f6c5f3e8c44b2397a466e39",
        "type": "github"
      },
      "original": {
        "owner": "nvim-telescope",
        "repo": "telescope.nvim",
        "type": "github"
      }
    },
    "nvim-treesitter": {
      "flake": false,
      "locked": {
        "lastModified": 1633641885,
        "narHash": "sha256-pXHZEDf9LGnC1zDg9gXEJr8FcWYnP+46qm3IzQy6Tb0=",
        "owner": "nvim-treesitter",
        "repo": "nvim-treesitter",
        "rev": "ea0f6614b7f67d141b68a8c68dcfbe0dca19009a",
        "type": "github"
      },
      "original": {
        "owner": "nvim-treesitter",
        "repo": "nvim-treesitter",
        "type": "github"
      }
    },
    "nvim-trouble": {
      "flake": false,
      "locked": {
        "lastModified": 1628159479,
        "narHash": "sha256-4bFFrrbUcNZCnRVyw/tm80QhzG8cAdI38jtizWPsozE=",
        "owner": "folke",
        "repo": "trouble.nvim",
        "rev": "51dd9175eb506b026189c70f81823dfa77defe86",
        "type": "github"
      },
      "original": {
        "owner": "folke",
        "repo": "trouble.nvim",
        "type": "github"
      }
    },
    "nvim-vsnip": {
      "flake": false,
      "locked": {
        "lastModified": 1631603490,
        "narHash": "sha256-zgGh5rVg9cYG8q9d33kBSvtes41LhP+g/9ofeh1DiFQ=",
        "owner": "hrsh7th",
        "repo": "vim-vsnip",
        "rev": "9ac8044206d32bea4dba34e77b6a3b7b87f65df6",
        "type": "github"
      },
      "original": {
        "owner": "hrsh7th",
        "repo": "vim-vsnip",
        "type": "github"
      }
    },
    "nvim-web-devicons": {
      "flake": false,
      "locked": {
        "lastModified": 1633712272,
        "narHash": "sha256-Anq3xWiK+7p4frQ27M/mDTUaqbH8FysJzhNk70tH8SQ=",
        "owner": "kyazdani42",
        "repo": "nvim-web-devicons",
        "rev": "ee101462d127ed6a5561ce9ce92bfded87d7d478",
        "type": "github"
      },
      "original": {
        "owner": "kyazdani42",
        "repo": "nvim-web-devicons",
        "type": "github"
      }
    },
    "nvim-which-key": {
      "flake": false,
      "locked": {
        "lastModified": 1628160854,
        "narHash": "sha256-eoaBx7PzctB0rwmBW/ba9O9rcbyRCNvBafWXHUToZAI=",
        "owner": "folke",
        "repo": "which-key.nvim",
        "rev": "b582c9d78f0d105041ed29ec3a8ee11d98ddfd50",
        "type": "github"
      },
      "original": {
        "owner": "folke",
        "repo": "which-key.nvim",
        "type": "github"
      }
    },
    "old-ghc-nix": {
      "flake": false,
      "locked": {
        "lastModified": 1631092763,
        "narHash": "sha256-sIKgO+z7tj4lw3u6oBZxqIhDrzSkvpHtv0Kki+lh9Fg=",
        "owner": "angerman",
        "repo": "old-ghc-nix",
        "rev": "af48a7a7353e418119b6dfe3cd1463a657f342b8",
        "type": "github"
      },
      "original": {
        "owner": "angerman",
        "ref": "master",
        "repo": "old-ghc-nix",
        "type": "github"
      }
    },
    "root": {
      "inputs": {
        "base16-shell": "base16-shell",
        "darwin": "darwin",
        "fast-syntax-highlighting": "fast-syntax-highlighting",
        "fenix": "fenix",
        "flake-compat": "flake-compat",
        "flake-utils": "flake-utils",
        "hackage": "hackage",
        "haskell-nix": "haskell-nix",
        "hls-nix": "hls-nix",
        "home-manager": "home-manager",
        "jetbrains-mono": "jetbrains-mono",
        "neovim": "neovim",
        "nixUnstable": "nixUnstable",
        "nixpkgs": "nixpkgs",
        "nvim-actionmenu": "nvim-actionmenu",
        "nvim-base16": "nvim-base16",
        "nvim-bufferline": "nvim-bufferline",
        "nvim-cmp": "nvim-cmp",
        "nvim-cmp-buffer": "nvim-cmp-buffer",
        "nvim-cmp-lsp": "nvim-cmp-lsp",
        "nvim-cmp-path": "nvim-cmp-path",
        "nvim-cmp-vsnip": "nvim-cmp-vsnip",
        "nvim-crates": "nvim-crates",
        "nvim-dap": "nvim-dap",
        "nvim-gitsigns": "nvim-gitsigns",
        "nvim-gps": "nvim-gps",
        "nvim-impatient": "nvim-impatient",
        "nvim-lightbulb": "nvim-lightbulb",
        "nvim-lsp-colors": "nvim-lsp-colors",
        "nvim-lspconfig": "nvim-lspconfig",
        "nvim-lspkind": "nvim-lspkind",
        "nvim-lspstatus": "nvim-lspstatus",
        "nvim-lualine": "nvim-lualine",
        "nvim-matchup": "nvim-matchup",
        "nvim-notify": "nvim-notify",
        "nvim-nui": "nvim-nui",
        "nvim-null-ls": "nvim-null-ls",
        "nvim-package-info": "nvim-package-info",
        "nvim-plenary": "nvim-plenary",
        "nvim-rust-tools": "nvim-rust-tools",
        "nvim-telescope": "nvim-telescope",
        "nvim-treesitter": "nvim-treesitter",
        "nvim-trouble": "nvim-trouble",
        "nvim-vsnip": "nvim-vsnip",
        "nvim-web-devicons": "nvim-web-devicons",
        "nvim-which-key": "nvim-which-key",
        "rust-overlay": "rust-overlay",
        "stackage": "stackage",
        "tree-sitter": "tree-sitter",
        "vim-dhall": "vim-dhall",
        "vim-edge": "vim-edge",
        "vim-haskell": "vim-haskell",
        "vim-js": "vim-js",
        "vim-json5": "vim-json5",
        "vim-jsx-pretty": "vim-jsx-pretty",
        "vim-nginx": "vim-nginx",
        "vim-purescript": "vim-purescript",
        "vim-rooter": "vim-rooter",
        "vim-rust": "vim-rust",
        "vim-sandwich": "vim-sandwich",
        "vim-tabular": "vim-tabular",
        "vim-toml": "vim-toml",
        "vim-typescript": "vim-typescript",
        "zsh-history-substring-search": "zsh-history-substring-search",
        "zsh-syntax-highlighting": "zsh-syntax-highlighting"
      }
    },
    "rust-analyzer-src": {
      "flake": false,
      "locked": {
        "lastModified": 1633889353,
        "narHash": "sha256-t6SdHsA+f+g95EDF+nXVtSsaJclsPsm8ZcXycrtkBGk=",
        "owner": "rust-analyzer",
        "repo": "rust-analyzer",
        "rev": "ed4b312fa777ebb39ba1348fe3df574c441a485e",
        "type": "github"
      },
      "original": {
        "owner": "rust-analyzer",
        "ref": "nightly",
        "repo": "rust-analyzer",
        "type": "github"
      }
    },
    "rust-overlay": {
      "inputs": {
        "flake-utils": [
          "flake-utils"
        ],
        "nixpkgs": [
          "nixpkgs"
        ]
      },
      "locked": {
        "lastModified": 1633918674,
        "narHash": "sha256-OZpPK4/SxEkkUMCsnlvQU/cZR8aWX0hEjzeaiEoifQg=",
        "owner": "oxalica",
        "repo": "rust-overlay",
        "rev": "23cce8b8a5ba7b01f69e344ea6f5e380988955f3",
        "type": "github"
      },
      "original": {
        "owner": "oxalica",
        "repo": "rust-overlay",
        "type": "github"
      }
    },
    "stackage": {
      "flake": false,
      "locked": {
        "lastModified": 1633655643,
        "narHash": "sha256-5f3b2wifqG9qNIG3ZUZq1VxP6ITnRclZYZgbG+gusEU=",
        "owner": "input-output-hk",
        "repo": "stackage.nix",
        "rev": "4b44adfb7e8915121eea97e961d8e00e0c216ebb",
        "type": "github"
      },
      "original": {
        "owner": "input-output-hk",
        "repo": "stackage.nix",
        "type": "github"
      }
    },
    "tree-sitter": {
      "flake": false,
      "locked": {
        "lastModified": 1633888061,
        "narHash": "sha256-KbysTUpPZr3i2zJXWACiE4LWxAVEBr2bXn/jDwm1nxQ=",
        "owner": "tree-sitter",
        "repo": "tree-sitter",
        "rev": "3d554ecf6b68ad2c267c1e90b6ef9aa68ae88bcd",
        "type": "github"
      },
      "original": {
        "owner": "tree-sitter",
        "repo": "tree-sitter",
        "type": "github"
      }
    },
    "vim-dhall": {
      "flake": false,
      "locked": {
        "lastModified": 1622918822,
        "narHash": "sha256-HCMI41N7ntB0vE+ax06Vs8tEObJllAG326odzCZRllM=",
        "owner": "vmchale",
        "repo": "dhall-vim",
        "rev": "68500ef46ff3706f46c99db3be7a0c8abcf6a3ae",
        "type": "github"
      },
      "original": {
        "owner": "vmchale",
        "repo": "dhall-vim",
        "type": "github"
      }
    },
    "vim-edge": {
      "flake": false,
      "locked": {
        "lastModified": 1633309793,
        "narHash": "sha256-rO0yOoQc9WJgtHcu20Ubaf7tpCBlmJaIZyACGkAyf1U=",
        "owner": "sainnhe",
        "repo": "edge",
        "rev": "73671fbfc70f0b78c743894b31c009b22a6ddaa3",
        "type": "github"
      },
      "original": {
        "owner": "sainnhe",
        "repo": "edge",
        "type": "github"
      }
    },
    "vim-haskell": {
      "flake": false,
      "locked": {
        "lastModified": 1611065650,
        "narHash": "sha256-4FvqwxaMu3Mznrmt4U5NZlmUAdUIiLpr9fW+kjdwcOA=",
        "owner": "neovimhaskell",
        "repo": "haskell-vim",
        "rev": "f35d02204b4813d1dbe8b0e98cc39701a4b8e15e",
        "type": "github"
      },
      "original": {
        "owner": "neovimhaskell",
        "repo": "haskell-vim",
        "type": "github"
      }
    },
    "vim-js": {
      "flake": false,
      "locked": {
        "lastModified": 1616931512,
        "narHash": "sha256-SjBnT5Dh1FlcN89cf9NFTYMCCMNatje9EisYiAvPZ4A=",
        "owner": "yuezk",
        "repo": "vim-js",
        "rev": "90f340d31907590fad059cd9aab03a55ab49e352",
        "type": "github"
      },
      "original": {
        "owner": "yuezk",
        "repo": "vim-js",
        "type": "github"
      }
    },
    "vim-json5": {
      "flake": false,
      "locked": {
        "lastModified": 1554096959,
        "narHash": "sha256-J/DyTQCoYNiklYp4PzUMDiwtyoqBwjfMIWGlkdNkqA4=",
        "owner": "gutenye",
        "repo": "json5.vim",
        "rev": "1e1718959b33b9af9406d0ebf61cfcd71e274385",
        "type": "github"
      },
      "original": {
        "owner": "gutenye",
        "repo": "json5.vim",
        "type": "github"
      }
    },
    "vim-jsx-pretty": {
      "flake": false,
      "locked": {
        "lastModified": 1610437872,
        "narHash": "sha256-6K75uLhqEyH325Wd/xN6JmCw/6vWGRBDKpiF5bY0p5k=",
        "owner": "maxmellon",
        "repo": "vim-jsx-pretty",
        "rev": "6989f1663cc03d7da72b5ef1c03f87e6ddb70b41",
        "type": "github"
      },
      "original": {
        "owner": "maxmellon",
        "repo": "vim-jsx-pretty",
        "type": "github"
      }
    },
    "vim-nginx": {
      "flake": false,
      "locked": {
        "lastModified": 1633281202,
        "narHash": "sha256-7GYNhnoTx7y+xo9dkfaO8KCM7StPFY8P1ldTFD9pGZ0=",
        "owner": "chr4",
        "repo": "nginx.vim",
        "rev": "ceeab164880ad90e73ab1be31dc3932777b9ef20",
        "type": "github"
      },
      "original": {
        "owner": "chr4",
        "repo": "nginx.vim",
        "type": "github"
      }
    },
    "vim-purescript": {
      "flake": false,
      "locked": {
        "lastModified": 1619040256,
        "narHash": "sha256-R/Exmf2Wd1MRWxYBkr0wMp7rycL2lF/GsL0bRR5FzuI=",
        "owner": "purescript-contrib",
        "repo": "purescript-vim",
        "rev": "d493b57406d2742f6f6c6545de5a3492f2e5b888",
        "type": "github"
      },
      "original": {
        "owner": "purescript-contrib",
        "repo": "purescript-vim",
        "type": "github"
      }
    },
    "vim-rooter": {
      "flake": false,
      "locked": {
        "lastModified": 1627488712,
        "narHash": "sha256-8VYGZDZbT7r/vRtMKqDlI2jD498QxwHmEliYmbmc6uw=",
        "owner": "airblade",
        "repo": "vim-rooter",
        "rev": "0415be8b5989e56f6c9e382a04906b7f719cfb38",
        "type": "github"
      },
      "original": {
        "owner": "airblade",
        "repo": "vim-rooter",
        "type": "github"
      }
    },
    "vim-rust": {
      "flake": false,
      "locked": {
        "lastModified": 1633419375,
        "narHash": "sha256-qPHwvjmF1zpFQgJ/4tRoZGnEqCwzg8/wiSFhPvdD0B4=",
        "owner": "rust-lang",
        "repo": "rust.vim",
        "rev": "4aa69b84c8a58fcec6b6dad6fe244b916b1cf830",
        "type": "github"
      },
      "original": {
        "owner": "rust-lang",
        "repo": "rust.vim",
        "type": "github"
      }
    },
    "vim-sandwich": {
      "flake": false,
      "locked": {
        "lastModified": 1631378440,
        "narHash": "sha256-3qymFm6wB60wEcbzffVZ7UjUtc0PGlMnLV7m4UuHcts=",
        "owner": "machakann",
        "repo": "vim-sandwich",
        "rev": "4cd1ea8db6aa43af8e1996422e2010c49d3a5998",
        "type": "github"
      },
      "original": {
        "owner": "machakann",
        "repo": "vim-sandwich",
        "type": "github"
      }
    },
    "vim-tabular": {
      "flake": false,
      "locked": {
        "lastModified": 1550598128,
        "narHash": "sha256-irolBA/m3YIaezl+90h5G+xUOpad+3u44uJqDs4JCUs=",
        "owner": "godlygeek",
        "repo": "tabular",
        "rev": "339091ac4dd1f17e225fe7d57b48aff55f99b23a",
        "type": "github"
      },
      "original": {
        "owner": "godlygeek",
        "repo": "tabular",
        "type": "github"
      }
    },
    "vim-toml": {
      "flake": false,
      "locked": {
        "lastModified": 1633742814,
        "narHash": "sha256-G0O9VET7QPbonQvWU4nnZV+HNePUZ0oOcbAYSDmQd90=",
        "owner": "cespare",
        "repo": "vim-toml",
        "rev": "717bd87ef928293e0cc6cfc12ebf2e007cb25311",
        "type": "github"
      },
      "original": {
        "owner": "cespare",
        "repo": "vim-toml",
        "type": "github"
      }
    },
    "vim-typescript": {
      "flake": false,
      "locked": {
        "lastModified": 1630837734,
        "narHash": "sha256-axQW0XFmzYlFBmBjw64yDEruvSkX0HaBqiZCC0Jr0m8=",
        "owner": "herringtondarkholme",
        "repo": "yats.vim",
        "rev": "3188778d38c736f11161cf6fafc33572cb055816",
        "type": "github"
      },
      "original": {
        "owner": "herringtondarkholme",
        "repo": "yats.vim",
        "type": "github"
      }
    },
    "zsh-history-substring-search": {
      "flake": false,
      "locked": {
        "lastModified": 1627971553,
        "narHash": "sha256-8kiPBtgsjRDqLWt0xGJ6vBBLqCWEIyFpYfd+s1prHWk=",
        "owner": "zsh-users",
        "repo": "zsh-history-substring-search",
        "rev": "4abed97b6e67eb5590b39bcd59080aa23192f25d",
        "type": "github"
      },
      "original": {
        "owner": "zsh-users",
        "repo": "zsh-history-substring-search",
        "type": "github"
      }
    },
    "zsh-syntax-highlighting": {
      "flake": false,
      "locked": {
        "lastModified": 1632454857,
        "narHash": "sha256-vwtgFWEs51ZfrUbWmRjcHZz+WPMFUrSHfIt4FjrMOoU=",
        "owner": "zsh-users",
        "repo": "zsh-syntax-highlighting",
        "rev": "1a9264bc661b3d52756916bf9ec3f41687d64db2",
        "type": "github"
      },
      "original": {
        "owner": "zsh-users",
        "repo": "zsh-syntax-highlighting",
        "type": "github"
      }
    }
  },
  "root": "root",
  "version": 7
}
